{
    "version": 3,
    "terraform_version": "0.7.11",
    "serial": 41,
    "lineage": "75ff8abd-cb55-4493-bcb8-7ab348950870",
    "modules": [
        {
            "path": [
                "root"
            ],
            "outputs": {},
            "resources": {},
            "depends_on": []
        },
        {
            "path": [
                "root",
                "http_security_rule"
            ],
            "outputs": {},
            "resources": {
                "azurerm_network_security_rule.test": {
                    "type": "azurerm_network_security_rule",
                    "depends_on": [],
                    "primary": {
                        "id": "/subscriptions/d0d6e3ce-fd48-4617-90d2-11d4f2a7b5aa/resourceGroups/Brownbag/providers/Microsoft.Network/networkSecurityGroups/brownbag-security-group/securityRules/HTTP",
                        "attributes": {
                            "access": "Allow",
                            "description": "",
                            "destination_address_prefix": "*",
                            "destination_port_range": "80",
                            "direction": "Inbound",
                            "id": "/subscriptions/d0d6e3ce-fd48-4617-90d2-11d4f2a7b5aa/resourceGroups/Brownbag/providers/Microsoft.Network/networkSecurityGroups/brownbag-security-group/securityRules/HTTP",
                            "name": "HTTP",
                            "network_security_group_name": "brownbag-security-group",
                            "priority": "200",
                            "protocol": "TCP",
                            "resource_group_name": "Brownbag",
                            "source_address_prefix": "*",
                            "source_port_range": "*"
                        },
                        "meta": {},
                        "tainted": false
                    },
                    "deposed": [],
                    "provider": ""
                }
            },
            "depends_on": []
        },
        {
            "path": [
                "root",
                "https_security_rule"
            ],
            "outputs": {},
            "resources": {
                "azurerm_network_security_rule.test": {
                    "type": "azurerm_network_security_rule",
                    "depends_on": [],
                    "primary": {
                        "id": "/subscriptions/d0d6e3ce-fd48-4617-90d2-11d4f2a7b5aa/resourceGroups/Brownbag/providers/Microsoft.Network/networkSecurityGroups/brownbag-security-group/securityRules/HTTPS",
                        "attributes": {
                            "access": "Allow",
                            "description": "",
                            "destination_address_prefix": "*",
                            "destination_port_range": "443",
                            "direction": "Inbound",
                            "id": "/subscriptions/d0d6e3ce-fd48-4617-90d2-11d4f2a7b5aa/resourceGroups/Brownbag/providers/Microsoft.Network/networkSecurityGroups/brownbag-security-group/securityRules/HTTPS",
                            "name": "HTTPS",
                            "network_security_group_name": "brownbag-security-group",
                            "priority": "300",
                            "protocol": "Tcp",
                            "resource_group_name": "Brownbag",
                            "source_address_prefix": "*",
                            "source_port_range": "*"
                        },
                        "meta": {},
                        "tainted": false
                    },
                    "deposed": [],
                    "provider": ""
                }
            },
            "depends_on": []
        },
        {
            "path": [
                "root",
                "module-network"
            ],
            "outputs": {},
            "resources": {},
            "depends_on": []
        },
        {
            "path": [
                "root",
                "module-resourcegroup"
            ],
            "outputs": {},
            "resources": {},
            "depends_on": []
        },
        {
            "path": [
                "root",
                "module-storage"
            ],
            "outputs": {},
            "resources": {},
            "depends_on": []
        },
        {
            "path": [
                "root",
                "module-vm"
            ],
            "outputs": {},
            "resources": {
                "azurerm_virtual_machine.test": {
                    "type": "azurerm_virtual_machine",
                    "depends_on": [],
                    "primary": {
                        "id": "/subscriptions/d0d6e3ce-fd48-4617-90d2-11d4f2a7b5aa/resourceGroups/Brownbag/providers/Microsoft.Compute/virtualMachines/brownbag-concourse-vm",
                        "attributes": {
                            "delete_data_disks_on_termination": "false",
                            "delete_os_disk_on_termination": "false",
                            "id": "/subscriptions/d0d6e3ce-fd48-4617-90d2-11d4f2a7b5aa/resourceGroups/Brownbag/providers/Microsoft.Compute/virtualMachines/brownbag-concourse-vm",
                            "location": "centralus",
                            "name": "brownbag-concourse-vm",
                            "network_interface_ids.#": "1",
                            "network_interface_ids.3754565": "/subscriptions/d0d6e3ce-fd48-4617-90d2-11d4f2a7b5aa/resourceGroups/Brownbag/providers/Microsoft.Network/networkInterfaces/brownbag-network-interface",
                            "os_profile.#": "1",
                            "os_profile.226564614.admin_password": "",
                            "os_profile.226564614.admin_username": "jhorecny",
                            "os_profile.226564614.computer_name": "concourse-brownbag",
                            "os_profile.226564614.custom_data": "",
                            "os_profile_linux_config.#": "1",
                            "os_profile_linux_config.2972667452.disable_password_authentication": "false",
                            "os_profile_linux_config.2972667452.ssh_keys.#": "0",
                            "os_profile_secrets.#": "0",
                            "plan.#": "0",
                            "resource_group_name": "Brownbag",
                            "storage_data_disk.#": "0",
                            "storage_image_reference.#": "1",
                            "storage_image_reference.1807630748.offer": "UbuntuServer",
                            "storage_image_reference.1807630748.publisher": "Canonical",
                            "storage_image_reference.1807630748.sku": "14.04.2-LTS",
                            "storage_image_reference.1807630748.version": "latest",
                            "storage_os_disk.#": "1",
                            "storage_os_disk.2309108357.caching": "ReadWrite",
                            "storage_os_disk.2309108357.create_option": "FromImage",
                            "storage_os_disk.2309108357.disk_size_gb": "0",
                            "storage_os_disk.2309108357.image_uri": "",
                            "storage_os_disk.2309108357.name": "concoursedisk",
                            "storage_os_disk.2309108357.os_type": "",
                            "storage_os_disk.2309108357.vhd_uri": "https://concoursebrownbag.blob.core.windows.net/brownbag-vhds/concoursedisk.vhd",
                            "tags.%": "0",
                            "vm_size": "Standard_A0"
                        },
                        "meta": {},
                        "tainted": false
                    },
                    "deposed": [],
                    "provider": ""
                }
            },
            "depends_on": []
        },
        {
            "path": [
                "root",
                "network"
            ],
            "outputs": {
                "network_interface_id": {
                    "sensitive": false,
                    "type": "string",
                    "value": "/subscriptions/d0d6e3ce-fd48-4617-90d2-11d4f2a7b5aa/resourceGroups/Brownbag/providers/Microsoft.Network/networkInterfaces/brownbag-network-interface"
                }
            },
            "resources": {
                "azurerm_network_interface.test": {
                    "type": "azurerm_network_interface",
                    "depends_on": [
                        "azurerm_public_ip.test",
                        "azurerm_subnet.test"
                    ],
                    "primary": {
                        "id": "/subscriptions/d0d6e3ce-fd48-4617-90d2-11d4f2a7b5aa/resourceGroups/Brownbag/providers/Microsoft.Network/networkInterfaces/brownbag-network-interface",
                        "attributes": {
                            "applied_dns_servers.#": "0",
                            "dns_servers.#": "0",
                            "enable_ip_forwarding": "false",
                            "id": "/subscriptions/d0d6e3ce-fd48-4617-90d2-11d4f2a7b5aa/resourceGroups/Brownbag/providers/Microsoft.Network/networkInterfaces/brownbag-network-interface",
                            "ip_configuration.#": "1",
                            "ip_configuration.1151726139.load_balancer_backend_address_pools_ids.#": "0",
                            "ip_configuration.1151726139.load_balancer_inbound_nat_rules_ids.#": "0",
                            "ip_configuration.1151726139.name": "testconfiguration1",
                            "ip_configuration.1151726139.private_ip_address": "",
                            "ip_configuration.1151726139.private_ip_address_allocation": "dynamic",
                            "ip_configuration.1151726139.public_ip_address_id": "/subscriptions/d0d6e3ce-fd48-4617-90d2-11d4f2a7b5aa/resourceGroups/Brownbag/providers/Microsoft.Network/publicIPAddresses/brownbag-publicip",
                            "ip_configuration.1151726139.subnet_id": "/subscriptions/d0d6e3ce-fd48-4617-90d2-11d4f2a7b5aa/resourceGroups/Brownbag/providers/Microsoft.Network/virtualNetworks/brownbag-virtualnetwork/subnets/brownbag-subnet",
                            "location": "centralus",
                            "name": "brownbag-network-interface",
                            "private_ip_address": "10.0.2.4",
                            "resource_group_name": "Brownbag",
                            "tags.%": "0"
                        },
                        "meta": {},
                        "tainted": false
                    },
                    "deposed": [],
                    "provider": ""
                },
                "azurerm_public_ip.test": {
                    "type": "azurerm_public_ip",
                    "depends_on": [],
                    "primary": {
                        "id": "/subscriptions/d0d6e3ce-fd48-4617-90d2-11d4f2a7b5aa/resourceGroups/Brownbag/providers/Microsoft.Network/publicIPAddresses/brownbag-publicip",
                        "attributes": {
                            "domain_name_label": "concourse-brownbag",
                            "fqdn": "concourse-brownbag.centralus.cloudapp.azure.com",
                            "id": "/subscriptions/d0d6e3ce-fd48-4617-90d2-11d4f2a7b5aa/resourceGroups/Brownbag/providers/Microsoft.Network/publicIPAddresses/brownbag-publicip",
                            "ip_address": "40.77.16.98",
                            "location": "centralus",
                            "name": "brownbag-publicip",
                            "public_ip_address_allocation": "static",
                            "resource_group_name": "Brownbag",
                            "tags.%": "0"
                        },
                        "meta": {},
                        "tainted": false
                    },
                    "deposed": [],
                    "provider": ""
                },
                "azurerm_subnet.test": {
                    "type": "azurerm_subnet",
                    "depends_on": [
                        "azurerm_virtual_network.test"
                    ],
                    "primary": {
                        "id": "/subscriptions/d0d6e3ce-fd48-4617-90d2-11d4f2a7b5aa/resourceGroups/Brownbag/providers/Microsoft.Network/virtualNetworks/brownbag-virtualnetwork/subnets/brownbag-subnet",
                        "attributes": {
                            "address_prefix": "10.0.2.0/24",
                            "id": "/subscriptions/d0d6e3ce-fd48-4617-90d2-11d4f2a7b5aa/resourceGroups/Brownbag/providers/Microsoft.Network/virtualNetworks/brownbag-virtualnetwork/subnets/brownbag-subnet",
                            "ip_configurations.#": "0",
                            "name": "brownbag-subnet",
                            "resource_group_name": "Brownbag",
                            "virtual_network_name": "brownbag-virtualnetwork"
                        },
                        "meta": {},
                        "tainted": false
                    },
                    "deposed": [],
                    "provider": ""
                },
                "azurerm_virtual_network.test": {
                    "type": "azurerm_virtual_network",
                    "depends_on": [],
                    "primary": {
                        "id": "/subscriptions/d0d6e3ce-fd48-4617-90d2-11d4f2a7b5aa/resourceGroups/Brownbag/providers/Microsoft.Network/virtualNetworks/brownbag-virtualnetwork",
                        "attributes": {
                            "address_space.#": "1",
                            "address_space.0": "10.0.0.0/16",
                            "dns_servers.#": "0",
                            "id": "/subscriptions/d0d6e3ce-fd48-4617-90d2-11d4f2a7b5aa/resourceGroups/Brownbag/providers/Microsoft.Network/virtualNetworks/brownbag-virtualnetwork",
                            "location": "centralus",
                            "name": "brownbag-virtualnetwork",
                            "resource_group_name": "Brownbag",
                            "subnet.#": "0",
                            "tags.%": "0"
                        },
                        "meta": {},
                        "tainted": false
                    },
                    "deposed": [],
                    "provider": ""
                }
            },
            "depends_on": []
        },
        {
            "path": [
                "root",
                "resourcegroup"
            ],
            "outputs": {
                "name": {
                    "sensitive": false,
                    "type": "string",
                    "value": "Brownbag"
                }
            },
            "resources": {
                "azurerm_resource_group.test": {
                    "type": "azurerm_resource_group",
                    "depends_on": [],
                    "primary": {
                        "id": "/subscriptions/d0d6e3ce-fd48-4617-90d2-11d4f2a7b5aa/resourceGroups/Brownbag",
                        "attributes": {
                            "id": "/subscriptions/d0d6e3ce-fd48-4617-90d2-11d4f2a7b5aa/resourceGroups/Brownbag",
                            "location": "centralus",
                            "name": "Brownbag",
                            "tags.%": "0"
                        },
                        "meta": {},
                        "tainted": false
                    },
                    "deposed": [],
                    "provider": ""
                }
            },
            "depends_on": []
        },
        {
            "path": [
                "root",
                "security_group"
            ],
            "outputs": {
                "id": {
                    "sensitive": false,
                    "type": "string",
                    "value": "/subscriptions/d0d6e3ce-fd48-4617-90d2-11d4f2a7b5aa/resourceGroups/Brownbag/providers/Microsoft.Network/networkSecurityGroups/brownbag-security-group"
                },
                "name": {
                    "sensitive": false,
                    "type": "string",
                    "value": "brownbag-security-group"
                }
            },
            "resources": {
                "azurerm_network_security_group.test": {
                    "type": "azurerm_network_security_group",
                    "depends_on": [],
                    "primary": {
                        "id": "/subscriptions/d0d6e3ce-fd48-4617-90d2-11d4f2a7b5aa/resourceGroups/Brownbag/providers/Microsoft.Network/networkSecurityGroups/brownbag-security-group",
                        "attributes": {
                            "id": "/subscriptions/d0d6e3ce-fd48-4617-90d2-11d4f2a7b5aa/resourceGroups/Brownbag/providers/Microsoft.Network/networkSecurityGroups/brownbag-security-group",
                            "location": "centralus",
                            "name": "brownbag-security-group",
                            "resource_group_name": "Brownbag",
                            "security_rule.#": "0",
                            "tags.%": "0"
                        },
                        "meta": {},
                        "tainted": false
                    },
                    "deposed": [],
                    "provider": ""
                }
            },
            "depends_on": []
        },
        {
            "path": [
                "root",
                "ssh_security_rule"
            ],
            "outputs": {},
            "resources": {
                "azurerm_network_security_rule.test": {
                    "type": "azurerm_network_security_rule",
                    "depends_on": [],
                    "primary": {
                        "id": "/subscriptions/d0d6e3ce-fd48-4617-90d2-11d4f2a7b5aa/resourceGroups/Brownbag/providers/Microsoft.Network/networkSecurityGroups/brownbag-security-group/securityRules/SSH",
                        "attributes": {
                            "access": "Allow",
                            "description": "",
                            "destination_address_prefix": "*",
                            "destination_port_range": "22",
                            "direction": "Inbound",
                            "id": "/subscriptions/d0d6e3ce-fd48-4617-90d2-11d4f2a7b5aa/resourceGroups/Brownbag/providers/Microsoft.Network/networkSecurityGroups/brownbag-security-group/securityRules/SSH",
                            "name": "SSH",
                            "network_security_group_name": "brownbag-security-group",
                            "priority": "100",
                            "protocol": "Tcp",
                            "resource_group_name": "Brownbag",
                            "source_address_prefix": "Internet",
                            "source_port_range": "22"
                        },
                        "meta": {},
                        "tainted": false
                    },
                    "deposed": [],
                    "provider": ""
                }
            },
            "depends_on": []
        },
        {
            "path": [
                "root",
                "storage_account"
            ],
            "outputs": {
                "endpoint": {
                    "sensitive": false,
                    "type": "string",
                    "value": "https://concoursebrownbag.blob.core.windows.net/"
                },
                "name": {
                    "sensitive": false,
                    "type": "string",
                    "value": "concoursebrownbag"
                }
            },
            "resources": {
                "azurerm_storage_account.test": {
                    "type": "azurerm_storage_account",
                    "depends_on": [],
                    "primary": {
                        "id": "/subscriptions/d0d6e3ce-fd48-4617-90d2-11d4f2a7b5aa/resourceGroups/brownbag/providers/Microsoft.Storage/storageAccounts/concoursebrownbag",
                        "attributes": {
                            "account_kind": "Storage",
                            "account_type": "Standard_LRS",
                            "id": "/subscriptions/d0d6e3ce-fd48-4617-90d2-11d4f2a7b5aa/resourceGroups/brownbag/providers/Microsoft.Storage/storageAccounts/concoursebrownbag",
                            "location": "centralus",
                            "name": "concoursebrownbag",
                            "primary_access_key": "Ol4TzGe4b8Y6CP8K/5m1JQdKDj2V0F2uiHeuER23UofSDd2rC6SeSbfbITtr6B8GkMK7MifIKCPYpELrTq27ZQ==",
                            "primary_blob_endpoint": "https://concoursebrownbag.blob.core.windows.net/",
                            "primary_file_endpoint": "https://concoursebrownbag.file.core.windows.net/",
                            "primary_location": "centralus",
                            "primary_queue_endpoint": "https://concoursebrownbag.queue.core.windows.net/",
                            "primary_table_endpoint": "https://concoursebrownbag.table.core.windows.net/",
                            "resource_group_name": "brownbag",
                            "secondary_access_key": "pjFXYpBRfOoRPaKk3kUDGZKej6TVGKrsQ/8luZYm7ufwGmxU2CflsVDDEqUPOU3VXfp8pRYfW3tSOj/kmZBCLQ==",
                            "secondary_location": "",
                            "tags.%": "1",
                            "tags.environment": "playground"
                        },
                        "meta": {},
                        "tainted": false
                    },
                    "deposed": [],
                    "provider": ""
                }
            },
            "depends_on": []
        },
        {
            "path": [
                "root",
                "storage_container"
            ],
            "outputs": {
                "name": {
                    "sensitive": false,
                    "type": "string",
                    "value": "brownbag-vhds"
                }
            },
            "resources": {
                "azurerm_storage_container.test": {
                    "type": "azurerm_storage_container",
                    "depends_on": [],
                    "primary": {
                        "id": "brownbag-vhds",
                        "attributes": {
                            "container_access_type": "private",
                            "id": "brownbag-vhds",
                            "name": "brownbag-vhds",
                            "properties.%": "4",
                            "properties.last_modified": "Tue, 22 Nov 2016 18:32:21 GMT",
                            "properties.lease_duration": "",
                            "properties.lease_state": "available",
                            "properties.lease_status": "unlocked",
                            "resource_group_name": "Brownbag",
                            "storage_account_name": "concoursebrownbag"
                        },
                        "meta": {},
                        "tainted": false
                    },
                    "deposed": [],
                    "provider": ""
                }
            },
            "depends_on": []
        }
    ]
}
