{
    "version": 3,
    "terraform_version": "0.7.11",
    "serial": 44,
    "lineage": "8771c3d8-76f5-4bdc-98b7-dea52238c195",
    "modules": [
        {
            "path": [
                "root"
            ],
            "outputs": {},
            "resources": {
                "aws_alb.main": {
                    "type": "aws_alb",
                    "depends_on": [
                        "aws_security_group.alb",
                        "aws_subnet.brownbag_subnet"
                    ],
                    "primary": {
                        "id": "arn:aws:elasticloadbalancing:us-east-1:891003688925:loadbalancer/app/tf-example-alb-ecs/6527f016ebbda1f1",
                        "attributes": {
                            "access_logs.#": "0",
                            "arn": "arn:aws:elasticloadbalancing:us-east-1:891003688925:loadbalancer/app/tf-example-alb-ecs/6527f016ebbda1f1",
                            "arn_suffix": "app/tf-example-alb-ecs/6527f016ebbda1f1",
                            "dns_name": "tf-example-alb-ecs-1849734159.us-east-1.elb.amazonaws.com",
                            "enable_deletion_protection": "false",
                            "id": "arn:aws:elasticloadbalancing:us-east-1:891003688925:loadbalancer/app/tf-example-alb-ecs/6527f016ebbda1f1",
                            "idle_timeout": "60",
                            "internal": "false",
                            "name": "tf-example-alb-ecs",
                            "security_groups.#": "1",
                            "security_groups.2990632111": "sg-1176046c",
                            "subnets.#": "2",
                            "subnets.3309338798": "subnet-6a68eb47",
                            "subnets.557062648": "subnet-fbb4c6b2",
                            "tags.%": "0",
                            "vpc_id": "vpc-fa93539c",
                            "zone_id": "Z35SXDOTRQ7X7K"
                        },
                        "meta": {},
                        "tainted": false
                    },
                    "deposed": [],
                    "provider": ""
                },
                "aws_alb_listener.front_end": {
                    "type": "aws_alb_listener",
                    "depends_on": [
                        "aws_alb.main",
                        "aws_alb_target_group.brownbag-target-grp"
                    ],
                    "primary": {
                        "id": "arn:aws:elasticloadbalancing:us-east-1:891003688925:listener/app/tf-example-alb-ecs/6527f016ebbda1f1/bdd4156926349579",
                        "attributes": {
                            "arn": "arn:aws:elasticloadbalancing:us-east-1:891003688925:listener/app/tf-example-alb-ecs/6527f016ebbda1f1/bdd4156926349579",
                            "default_action.#": "1",
                            "default_action.0.target_group_arn": "arn:aws:elasticloadbalancing:us-east-1:891003688925:targetgroup/brownbag-target-grp/229fbdd2068bebab",
                            "default_action.0.type": "forward",
                            "id": "arn:aws:elasticloadbalancing:us-east-1:891003688925:listener/app/tf-example-alb-ecs/6527f016ebbda1f1/bdd4156926349579",
                            "load_balancer_arn": "arn:aws:elasticloadbalancing:us-east-1:891003688925:loadbalancer/app/tf-example-alb-ecs/6527f016ebbda1f1",
                            "port": "8080",
                            "protocol": "HTTP",
                            "ssl_policy": ""
                        },
                        "meta": {},
                        "tainted": false
                    },
                    "deposed": [],
                    "provider": ""
                },
                "aws_alb_listener.nginx": {
                    "type": "aws_alb_listener",
                    "depends_on": [
                        "aws_alb.main",
                        "aws_alb_target_group.nginx-target-grp"
                    ],
                    "primary": {
                        "id": "arn:aws:elasticloadbalancing:us-east-1:891003688925:listener/app/tf-example-alb-ecs/6527f016ebbda1f1/e472e3e3bcdbf830",
                        "attributes": {
                            "arn": "arn:aws:elasticloadbalancing:us-east-1:891003688925:listener/app/tf-example-alb-ecs/6527f016ebbda1f1/e472e3e3bcdbf830",
                            "default_action.#": "1",
                            "default_action.0.target_group_arn": "arn:aws:elasticloadbalancing:us-east-1:891003688925:targetgroup/nginx-target-grp/ef564dec9b16820a",
                            "default_action.0.type": "forward",
                            "id": "arn:aws:elasticloadbalancing:us-east-1:891003688925:listener/app/tf-example-alb-ecs/6527f016ebbda1f1/e472e3e3bcdbf830",
                            "load_balancer_arn": "arn:aws:elasticloadbalancing:us-east-1:891003688925:loadbalancer/app/tf-example-alb-ecs/6527f016ebbda1f1",
                            "port": "80",
                            "protocol": "HTTP",
                            "ssl_policy": ""
                        },
                        "meta": {},
                        "tainted": false
                    },
                    "deposed": [],
                    "provider": ""
                },
                "aws_alb_listener_rule.concourse": {
                    "type": "aws_alb_listener_rule",
                    "depends_on": [
                        "aws_alb_listener.front_end",
                        "aws_alb_target_group.brownbag-target-grp"
                    ],
                    "primary": {
                        "id": "arn:aws:elasticloadbalancing:us-east-1:891003688925:listener-rule/app/tf-example-alb-ecs/6527f016ebbda1f1/bdd4156926349579/59cd0a98abce18c3",
                        "attributes": {
                            "action.#": "1",
                            "action.0.target_group_arn": "arn:aws:elasticloadbalancing:us-east-1:891003688925:targetgroup/brownbag-target-grp/229fbdd2068bebab",
                            "action.0.type": "forward",
                            "arn": "arn:aws:elasticloadbalancing:us-east-1:891003688925:listener-rule/app/tf-example-alb-ecs/6527f016ebbda1f1/bdd4156926349579/59cd0a98abce18c3",
                            "condition.#": "1",
                            "condition.0.field": "path-pattern",
                            "condition.0.values.#": "1",
                            "condition.0.values.0": "/concourse/*",
                            "id": "arn:aws:elasticloadbalancing:us-east-1:891003688925:listener-rule/app/tf-example-alb-ecs/6527f016ebbda1f1/bdd4156926349579/59cd0a98abce18c3",
                            "listener_arn": "arn:aws:elasticloadbalancing:us-east-1:891003688925:listener/app/tf-example-alb-ecs/6527f016ebbda1f1/bdd4156926349579",
                            "priority": "100"
                        },
                        "meta": {},
                        "tainted": false
                    },
                    "deposed": [],
                    "provider": ""
                },
                "aws_alb_target_group.brownbag-target-grp": {
                    "type": "aws_alb_target_group",
                    "depends_on": [
                        "aws_vpc.brownbag_vpc"
                    ],
                    "primary": {
                        "id": "arn:aws:elasticloadbalancing:us-east-1:891003688925:targetgroup/brownbag-target-grp/229fbdd2068bebab",
                        "attributes": {
                            "arn": "arn:aws:elasticloadbalancing:us-east-1:891003688925:targetgroup/brownbag-target-grp/229fbdd2068bebab",
                            "arn_suffix": "targetgroup/brownbag-target-grp/229fbdd2068bebab",
                            "deregistration_delay": "300",
                            "health_check.#": "1",
                            "health_check.0.healthy_threshold": "5",
                            "health_check.0.interval": "30",
                            "health_check.0.matcher": "200",
                            "health_check.0.path": "/",
                            "health_check.0.port": "traffic-port",
                            "health_check.0.protocol": "HTTP",
                            "health_check.0.timeout": "5",
                            "health_check.0.unhealthy_threshold": "2",
                            "id": "arn:aws:elasticloadbalancing:us-east-1:891003688925:targetgroup/brownbag-target-grp/229fbdd2068bebab",
                            "name": "brownbag-target-grp",
                            "port": "8080",
                            "protocol": "HTTP",
                            "vpc_id": "vpc-fa93539c"
                        },
                        "meta": {},
                        "tainted": false
                    },
                    "deposed": [],
                    "provider": ""
                },
                "aws_alb_target_group.nginx-target-grp": {
                    "type": "aws_alb_target_group",
                    "depends_on": [
                        "aws_vpc.brownbag_vpc"
                    ],
                    "primary": {
                        "id": "arn:aws:elasticloadbalancing:us-east-1:891003688925:targetgroup/nginx-target-grp/ef564dec9b16820a",
                        "attributes": {
                            "arn": "arn:aws:elasticloadbalancing:us-east-1:891003688925:targetgroup/nginx-target-grp/ef564dec9b16820a",
                            "arn_suffix": "targetgroup/nginx-target-grp/ef564dec9b16820a",
                            "deregistration_delay": "300",
                            "health_check.#": "1",
                            "health_check.0.healthy_threshold": "5",
                            "health_check.0.interval": "30",
                            "health_check.0.matcher": "200",
                            "health_check.0.path": "/",
                            "health_check.0.port": "traffic-port",
                            "health_check.0.protocol": "HTTP",
                            "health_check.0.timeout": "5",
                            "health_check.0.unhealthy_threshold": "2",
                            "id": "arn:aws:elasticloadbalancing:us-east-1:891003688925:targetgroup/nginx-target-grp/ef564dec9b16820a",
                            "name": "nginx-target-grp",
                            "port": "80",
                            "protocol": "HTTP",
                            "vpc_id": "vpc-fa93539c"
                        },
                        "meta": {},
                        "tainted": false
                    },
                    "deposed": [],
                    "provider": ""
                },
                "aws_instance.web": {
                    "type": "aws_instance",
                    "depends_on": [
                        "aws_key_pair.auth",
                        "aws_security_group.brownbag_security",
                        "aws_subnet.brownbag_subnet"
                    ],
                    "primary": {
                        "id": "i-7b083e75",
                        "attributes": {
                            "ami": "ami-46134b51",
                            "associate_public_ip_address": "true",
                            "availability_zone": "us-east-1a",
                            "disable_api_termination": "false",
                            "ebs_block_device.#": "1",
                            "ebs_block_device.504524833.delete_on_termination": "true",
                            "ebs_block_device.504524833.device_name": "/dev/xvdcz",
                            "ebs_block_device.504524833.encrypted": "false",
                            "ebs_block_device.504524833.iops": "100",
                            "ebs_block_device.504524833.snapshot_id": "",
                            "ebs_block_device.504524833.volume_size": "22",
                            "ebs_block_device.504524833.volume_type": "gp2",
                            "ebs_optimized": "false",
                            "ephemeral_block_device.#": "0",
                            "iam_instance_profile": "",
                            "id": "i-7b083e75",
                            "instance_state": "running",
                            "instance_type": "t2.micro",
                            "key_name": "terraform",
                            "monitoring": "false",
                            "network_interface_id": "eni-12399fec",
                            "private_dns": "ip-10-0-0-141.ec2.internal",
                            "private_ip": "10.0.0.141",
                            "public_dns": "",
                            "public_ip": "54.162.53.106",
                            "root_block_device.#": "1",
                            "root_block_device.0.delete_on_termination": "true",
                            "root_block_device.0.iops": "100",
                            "root_block_device.0.volume_size": "8",
                            "root_block_device.0.volume_type": "gp2",
                            "security_groups.#": "0",
                            "source_dest_check": "true",
                            "subnet_id": "subnet-6a68eb47",
                            "tags.%": "1",
                            "tags.Name": "Concourse CI",
                            "tenancy": "default",
                            "vpc_security_group_ids.#": "1",
                            "vpc_security_group_ids.14770871": "sg-1676046b"
                        },
                        "meta": {
                            "schema_version": "1"
                        },
                        "tainted": false
                    },
                    "deposed": [],
                    "provider": ""
                },
                "aws_internet_gateway.brownbag_gateway": {
                    "type": "aws_internet_gateway",
                    "depends_on": [
                        "aws_vpc.brownbag_vpc"
                    ],
                    "primary": {
                        "id": "igw-05c84662",
                        "attributes": {
                            "id": "igw-05c84662",
                            "tags.%": "0",
                            "vpc_id": "vpc-fa93539c"
                        },
                        "meta": {},
                        "tainted": false
                    },
                    "deposed": [],
                    "provider": ""
                },
                "aws_key_pair.auth": {
                    "type": "aws_key_pair",
                    "depends_on": [],
                    "primary": {
                        "id": "terraform",
                        "attributes": {
                            "fingerprint": "10:72:57:5a:35:f2:70:4b:3f:a6:d9:3e:80:68:6c:89",
                            "id": "terraform",
                            "key_name": "terraform",
                            "public_key": "ssh-rsa AAAAB3NzaC1yc2EAAAADAQABAAABAQC9L+iLd8Z9FiT8JUDbSGNvm+U4DkeaXUJ772WfN1NicErBIswGUslNKPJz0w3lvZK0PlNHAj01jZP+A1t2voqQTzBGiYEr0QSegZXHbjVHPDQIeHXUSfL+Lr4AQx2DlrUSsoS00AZGDnZh9GcHbSNfhP17lqdyI9n17lwwe5h/ro5xRD2XElyuTVSEzdA4J0BA6G79XlKgZ2QKZtNZ46b6i9fxgIL8MsmBfPEDgJ3y21cmMA4Cv9rQcILHIScylaJf1XmO+ZlNj7ywTgRznvCBaXuBHTDnqnvNxjtURrUtlX5O+mTuC9KdvA8Bfu3+OFSv/rR2nRBz+E9UdfVFV37N josh.horecny@23397-mbpr.local"
                        },
                        "meta": {
                            "schema_version": "1"
                        },
                        "tainted": false
                    },
                    "deposed": [],
                    "provider": ""
                },
                "aws_route_table.r": {
                    "type": "aws_route_table",
                    "depends_on": [
                        "aws_internet_gateway.brownbag_gateway",
                        "aws_vpc.brownbag_vpc"
                    ],
                    "primary": {
                        "id": "rtb-74003312",
                        "attributes": {
                            "id": "rtb-74003312",
                            "propagating_vgws.#": "0",
                            "route.#": "1",
                            "route.2350516437.cidr_block": "0.0.0.0/0",
                            "route.2350516437.gateway_id": "igw-05c84662",
                            "route.2350516437.instance_id": "",
                            "route.2350516437.nat_gateway_id": "",
                            "route.2350516437.network_interface_id": "",
                            "route.2350516437.vpc_peering_connection_id": "",
                            "tags.%": "0",
                            "vpc_id": "vpc-fa93539c"
                        },
                        "meta": {},
                        "tainted": false
                    },
                    "deposed": [],
                    "provider": ""
                },
                "aws_route_table_association.a.0": {
                    "type": "aws_route_table_association",
                    "depends_on": [
                        "aws_route_table.r",
                        "aws_subnet.brownbag_subnet"
                    ],
                    "primary": {
                        "id": "rtbassoc-2fa2a556",
                        "attributes": {
                            "id": "rtbassoc-2fa2a556",
                            "route_table_id": "rtb-74003312",
                            "subnet_id": "subnet-6a68eb47"
                        },
                        "meta": {},
                        "tainted": false
                    },
                    "deposed": [],
                    "provider": ""
                },
                "aws_route_table_association.a.1": {
                    "type": "aws_route_table_association",
                    "depends_on": [
                        "aws_route_table.r",
                        "aws_subnet.brownbag_subnet"
                    ],
                    "primary": {
                        "id": "rtbassoc-2ea2a557",
                        "attributes": {
                            "id": "rtbassoc-2ea2a557",
                            "route_table_id": "rtb-74003312",
                            "subnet_id": "subnet-fbb4c6b2"
                        },
                        "meta": {},
                        "tainted": false
                    },
                    "deposed": [],
                    "provider": ""
                },
                "aws_security_group.alb": {
                    "type": "aws_security_group",
                    "depends_on": [
                        "aws_vpc.brownbag_vpc"
                    ],
                    "primary": {
                        "id": "sg-1176046c",
                        "attributes": {
                            "description": "Used in the terraform",
                            "egress.#": "1",
                            "egress.482069346.cidr_blocks.#": "1",
                            "egress.482069346.cidr_blocks.0": "0.0.0.0/0",
                            "egress.482069346.from_port": "0",
                            "egress.482069346.prefix_list_ids.#": "0",
                            "egress.482069346.protocol": "-1",
                            "egress.482069346.security_groups.#": "0",
                            "egress.482069346.self": "false",
                            "egress.482069346.to_port": "0",
                            "id": "sg-1176046c",
                            "ingress.#": "2",
                            "ingress.2214680975.cidr_blocks.#": "1",
                            "ingress.2214680975.cidr_blocks.0": "0.0.0.0/0",
                            "ingress.2214680975.from_port": "80",
                            "ingress.2214680975.protocol": "tcp",
                            "ingress.2214680975.security_groups.#": "0",
                            "ingress.2214680975.self": "false",
                            "ingress.2214680975.to_port": "80",
                            "ingress.516175195.cidr_blocks.#": "1",
                            "ingress.516175195.cidr_blocks.0": "0.0.0.0/0",
                            "ingress.516175195.from_port": "8080",
                            "ingress.516175195.protocol": "tcp",
                            "ingress.516175195.security_groups.#": "0",
                            "ingress.516175195.self": "false",
                            "ingress.516175195.to_port": "8080",
                            "name": "terraform_example_elb",
                            "owner_id": "891003688925",
                            "tags.%": "0",
                            "vpc_id": "vpc-fa93539c"
                        },
                        "meta": {},
                        "tainted": false
                    },
                    "deposed": [],
                    "provider": ""
                },
                "aws_security_group.brownbag_security": {
                    "type": "aws_security_group",
                    "depends_on": [
                        "aws_security_group.alb",
                        "aws_vpc.brownbag_vpc"
                    ],
                    "primary": {
                        "id": "sg-1676046b",
                        "attributes": {
                            "description": "Enable SSH and 8080",
                            "egress.#": "1",
                            "egress.482069346.cidr_blocks.#": "1",
                            "egress.482069346.cidr_blocks.0": "0.0.0.0/0",
                            "egress.482069346.from_port": "0",
                            "egress.482069346.prefix_list_ids.#": "0",
                            "egress.482069346.protocol": "-1",
                            "egress.482069346.security_groups.#": "0",
                            "egress.482069346.self": "false",
                            "egress.482069346.to_port": "0",
                            "id": "sg-1676046b",
                            "ingress.#": "3",
                            "ingress.2541437006.cidr_blocks.#": "1",
                            "ingress.2541437006.cidr_blocks.0": "0.0.0.0/0",
                            "ingress.2541437006.from_port": "22",
                            "ingress.2541437006.protocol": "tcp",
                            "ingress.2541437006.security_groups.#": "0",
                            "ingress.2541437006.self": "false",
                            "ingress.2541437006.to_port": "22",
                            "ingress.2616134671.cidr_blocks.#": "0",
                            "ingress.2616134671.from_port": "8080",
                            "ingress.2616134671.protocol": "tcp",
                            "ingress.2616134671.security_groups.#": "1",
                            "ingress.2616134671.security_groups.2990632111": "sg-1176046c",
                            "ingress.2616134671.self": "false",
                            "ingress.2616134671.to_port": "8080",
                            "ingress.985643938.cidr_blocks.#": "0",
                            "ingress.985643938.from_port": "80",
                            "ingress.985643938.protocol": "tcp",
                            "ingress.985643938.security_groups.#": "1",
                            "ingress.985643938.security_groups.2990632111": "sg-1176046c",
                            "ingress.985643938.self": "false",
                            "ingress.985643938.to_port": "80",
                            "name": "brownbag_security",
                            "owner_id": "891003688925",
                            "tags.%": "0",
                            "vpc_id": "vpc-fa93539c"
                        },
                        "meta": {},
                        "tainted": false
                    },
                    "deposed": [],
                    "provider": ""
                },
                "aws_subnet.brownbag_subnet.0": {
                    "type": "aws_subnet",
                    "depends_on": [
                        "aws_vpc.brownbag_vpc",
                        "aws_vpc.brownbag_vpc",
                        "data.aws_availability_zones.available"
                    ],
                    "primary": {
                        "id": "subnet-6a68eb47",
                        "attributes": {
                            "availability_zone": "us-east-1a",
                            "cidr_block": "10.0.0.0/24",
                            "id": "subnet-6a68eb47",
                            "map_public_ip_on_launch": "true",
                            "tags.%": "0",
                            "vpc_id": "vpc-fa93539c"
                        },
                        "meta": {},
                        "tainted": false
                    },
                    "deposed": [],
                    "provider": ""
                },
                "aws_subnet.brownbag_subnet.1": {
                    "type": "aws_subnet",
                    "depends_on": [
                        "aws_vpc.brownbag_vpc",
                        "aws_vpc.brownbag_vpc",
                        "data.aws_availability_zones.available"
                    ],
                    "primary": {
                        "id": "subnet-fbb4c6b2",
                        "attributes": {
                            "availability_zone": "us-east-1b",
                            "cidr_block": "10.0.1.0/24",
                            "id": "subnet-fbb4c6b2",
                            "map_public_ip_on_launch": "true",
                            "tags.%": "0",
                            "vpc_id": "vpc-fa93539c"
                        },
                        "meta": {},
                        "tainted": false
                    },
                    "deposed": [],
                    "provider": ""
                },
                "aws_vpc.brownbag_vpc": {
                    "type": "aws_vpc",
                    "depends_on": [],
                    "primary": {
                        "id": "vpc-fa93539c",
                        "attributes": {
                            "cidr_block": "10.0.0.0/16",
                            "default_network_acl_id": "acl-c3bf3da5",
                            "default_route_table_id": "rtb-73013215",
                            "default_security_group_id": "sg-1f760462",
                            "dhcp_options_id": "dopt-ce5217ab",
                            "enable_classiclink": "false",
                            "enable_dns_hostnames": "false",
                            "enable_dns_support": "true",
                            "id": "vpc-fa93539c",
                            "instance_tenancy": "default",
                            "main_route_table_id": "rtb-73013215",
                            "tags.%": "0"
                        },
                        "meta": {},
                        "tainted": false
                    },
                    "deposed": [],
                    "provider": ""
                },
                "data.aws_availability_zones.available": {
                    "type": "aws_availability_zones",
                    "depends_on": [],
                    "primary": {
                        "id": "2016-11-30 23:10:22.377666258 +0000 UTC",
                        "attributes": {
                            "id": "2016-11-30 23:10:22.377666258 +0000 UTC",
                            "names.#": "4",
                            "names.0": "us-east-1a",
                            "names.1": "us-east-1b",
                            "names.2": "us-east-1c",
                            "names.3": "us-east-1e"
                        },
                        "meta": {},
                        "tainted": false
                    },
                    "deposed": [],
                    "provider": ""
                }
            },
            "depends_on": []
        }
    ]
}
