{
    "version": 3,
    "terraform_version": "0.9.4",
    "serial": 17,
    "lineage": "bef0c5f8-8413-4afd-b023-60d9d0e1ceea",
    "modules": [
        {
            "path": [
                "root"
            ],
            "outputs": {
                "connection info": {
                    "sensitive": false,
                    "type": "string",
                    "value": "ssh -i ~/.ssh/JoshKey.pem ec2-user@ec2-54-91-157-214.compute-1.amazonaws.com"
                }
            },
            "resources": {},
            "depends_on": []
        },
        {
            "path": [
                "root",
                "aws_ecs_instance"
            ],
            "outputs": {
                "key_name": {
                    "sensitive": false,
                    "type": "string",
                    "value": "JoshKey"
                },
                "public_dns": {
                    "sensitive": false,
                    "type": "string",
                    "value": "ec2-54-91-157-214.compute-1.amazonaws.com"
                }
            },
            "resources": {
                "aws_instance.ec2": {
                    "type": "aws_instance",
                    "depends_on": [],
                    "primary": {
                        "id": "i-0e914835edb895d0a",
                        "attributes": {
                            "ami": "ami-46134b51",
                            "associate_public_ip_address": "true",
                            "availability_zone": "us-east-1c",
                            "disable_api_termination": "false",
                            "ebs_block_device.#": "1",
                            "ebs_block_device.504524833.delete_on_termination": "true",
                            "ebs_block_device.504524833.device_name": "/dev/xvdcz",
                            "ebs_block_device.504524833.encrypted": "false",
                            "ebs_block_device.504524833.iops": "100",
                            "ebs_block_device.504524833.snapshot_id": "",
                            "ebs_block_device.504524833.volume_size": "22",
                            "ebs_block_device.504524833.volume_type": "gp2",
                            "ebs_optimized": "false",
                            "ephemeral_block_device.#": "0",
                            "iam_instance_profile": "",
                            "id": "i-0e914835edb895d0a",
                            "instance_state": "running",
                            "instance_type": "t2.micro",
                            "ipv6_address_count": "0",
                            "ipv6_addresses.#": "0",
                            "key_name": "JoshKey",
                            "monitoring": "false",
                            "network_interface.#": "0",
                            "network_interface_id": "eni-fe101e29",
                            "primary_network_interface_id": "eni-fe101e29",
                            "private_dns": "ip-172-31-25-189.ec2.internal",
                            "private_ip": "172.31.25.189",
                            "public_dns": "ec2-54-91-157-214.compute-1.amazonaws.com",
                            "public_ip": "54.91.157.214",
                            "root_block_device.#": "1",
                            "root_block_device.0.delete_on_termination": "true",
                            "root_block_device.0.iops": "100",
                            "root_block_device.0.volume_size": "8",
                            "root_block_device.0.volume_type": "gp2",
                            "security_groups.#": "0",
                            "source_dest_check": "true",
                            "subnet_id": "subnet-f46fc1ac",
                            "tags.%": "1",
                            "tags.Name": "brownbag",
                            "tenancy": "default",
                            "volume_tags.%": "0",
                            "vpc_security_group_ids.#": "1",
                            "vpc_security_group_ids.200350254": "sg-09892671"
                        },
                        "meta": {
                            "schema_version": "1"
                        },
                        "tainted": false
                    },
                    "deposed": [],
                    "provider": ""
                }
            },
            "depends_on": []
        }
    ]
}
