{
    "version": 3,
    "terraform_version": "0.9.4",
    "serial": 64,
    "lineage": "8771c3d8-76f5-4bdc-98b7-dea52238c195",
    "modules": [
        {
            "path": [
                "root"
            ],
            "outputs": {},
            "resources": {},
            "depends_on": []
        },
        {
            "path": [
                "root",
                "concourse",
                "alb"
            ],
            "outputs": {
                "alb_dns": {
                    "sensitive": false,
                    "type": "string",
                    "value": "tf-example-alb-ecs-2067165467.us-east-1.elb.amazonaws.com"
                },
                "alb_id": {
                    "sensitive": false,
                    "type": "string",
                    "value": "sg-45f17f3b"
                },
                "concourse_target_arn": {
                    "sensitive": false,
                    "type": "string",
                    "value": "arn:aws:elasticloadbalancing:us-east-1:891003688925:targetgroup/brownbag-target-grp/23874e829c25c9d7"
                },
                "nginx_target_arn": {
                    "sensitive": false,
                    "type": "string",
                    "value": "arn:aws:elasticloadbalancing:us-east-1:891003688925:targetgroup/nginx-target-grp/24277ad753583c20"
                },
                "zone_id": {
                    "sensitive": false,
                    "type": "string",
                    "value": "Z35SXDOTRQ7X7K"
                }
            },
            "resources": {
                "aws_alb.main": {
                    "type": "aws_alb",
                    "depends_on": [
                        "aws_security_group.alb"
                    ],
                    "primary": {
                        "id": "arn:aws:elasticloadbalancing:us-east-1:891003688925:loadbalancer/app/tf-example-alb-ecs/050c0639a8dd7480",
                        "attributes": {
                            "access_logs.#": "0",
                            "arn": "arn:aws:elasticloadbalancing:us-east-1:891003688925:loadbalancer/app/tf-example-alb-ecs/050c0639a8dd7480",
                            "arn_suffix": "app/tf-example-alb-ecs/050c0639a8dd7480",
                            "dns_name": "tf-example-alb-ecs-2067165467.us-east-1.elb.amazonaws.com",
                            "enable_deletion_protection": "false",
                            "id": "arn:aws:elasticloadbalancing:us-east-1:891003688925:loadbalancer/app/tf-example-alb-ecs/050c0639a8dd7480",
                            "idle_timeout": "60",
                            "internal": "false",
                            "ip_address_type": "ipv4",
                            "name": "tf-example-alb-ecs",
                            "security_groups.#": "1",
                            "security_groups.2206418734": "sg-45f17f3b",
                            "subnets.#": "2",
                            "subnets.2101536483": "subnet-cd883885",
                            "subnets.2705859039": "subnet-9fec2bb3",
                            "tags.%": "0",
                            "vpc_id": "vpc-a004eed9",
                            "zone_id": "Z35SXDOTRQ7X7K"
                        },
                        "meta": {},
                        "tainted": false
                    },
                    "deposed": [],
                    "provider": ""
                },
                "aws_alb_listener.front_end": {
                    "type": "aws_alb_listener",
                    "depends_on": [
                        "aws_alb.main",
                        "aws_alb_target_group.concourse-target-grp"
                    ],
                    "primary": {
                        "id": "arn:aws:elasticloadbalancing:us-east-1:891003688925:listener/app/tf-example-alb-ecs/050c0639a8dd7480/7a61fb043c2a8c9d",
                        "attributes": {
                            "arn": "arn:aws:elasticloadbalancing:us-east-1:891003688925:listener/app/tf-example-alb-ecs/050c0639a8dd7480/7a61fb043c2a8c9d",
                            "default_action.#": "1",
                            "default_action.0.target_group_arn": "arn:aws:elasticloadbalancing:us-east-1:891003688925:targetgroup/brownbag-target-grp/23874e829c25c9d7",
                            "default_action.0.type": "forward",
                            "id": "arn:aws:elasticloadbalancing:us-east-1:891003688925:listener/app/tf-example-alb-ecs/050c0639a8dd7480/7a61fb043c2a8c9d",
                            "load_balancer_arn": "arn:aws:elasticloadbalancing:us-east-1:891003688925:loadbalancer/app/tf-example-alb-ecs/050c0639a8dd7480",
                            "port": "8080",
                            "protocol": "HTTP",
                            "ssl_policy": ""
                        },
                        "meta": {},
                        "tainted": false
                    },
                    "deposed": [],
                    "provider": ""
                },
                "aws_alb_listener.nginx": {
                    "type": "aws_alb_listener",
                    "depends_on": [
                        "aws_alb.main",
                        "aws_alb_target_group.nginx-target-grp"
                    ],
                    "primary": {
                        "id": "arn:aws:elasticloadbalancing:us-east-1:891003688925:listener/app/tf-example-alb-ecs/050c0639a8dd7480/32f4dd7a961ceb5f",
                        "attributes": {
                            "arn": "arn:aws:elasticloadbalancing:us-east-1:891003688925:listener/app/tf-example-alb-ecs/050c0639a8dd7480/32f4dd7a961ceb5f",
                            "default_action.#": "1",
                            "default_action.0.target_group_arn": "arn:aws:elasticloadbalancing:us-east-1:891003688925:targetgroup/nginx-target-grp/24277ad753583c20",
                            "default_action.0.type": "forward",
                            "id": "arn:aws:elasticloadbalancing:us-east-1:891003688925:listener/app/tf-example-alb-ecs/050c0639a8dd7480/32f4dd7a961ceb5f",
                            "load_balancer_arn": "arn:aws:elasticloadbalancing:us-east-1:891003688925:loadbalancer/app/tf-example-alb-ecs/050c0639a8dd7480",
                            "port": "80",
                            "protocol": "HTTP",
                            "ssl_policy": ""
                        },
                        "meta": {},
                        "tainted": false
                    },
                    "deposed": [],
                    "provider": ""
                },
                "aws_alb_listener_rule.concourse": {
                    "type": "aws_alb_listener_rule",
                    "depends_on": [
                        "aws_alb_listener.front_end",
                        "aws_alb_target_group.concourse-target-grp"
                    ],
                    "primary": {
                        "id": "arn:aws:elasticloadbalancing:us-east-1:891003688925:listener-rule/app/tf-example-alb-ecs/050c0639a8dd7480/7a61fb043c2a8c9d/839168f350e80b95",
                        "attributes": {
                            "action.#": "1",
                            "action.0.target_group_arn": "arn:aws:elasticloadbalancing:us-east-1:891003688925:targetgroup/brownbag-target-grp/23874e829c25c9d7",
                            "action.0.type": "forward",
                            "arn": "arn:aws:elasticloadbalancing:us-east-1:891003688925:listener-rule/app/tf-example-alb-ecs/050c0639a8dd7480/7a61fb043c2a8c9d/839168f350e80b95",
                            "condition.#": "1",
                            "condition.0.field": "path-pattern",
                            "condition.0.values.#": "1",
                            "condition.0.values.0": "/concourse/*",
                            "id": "arn:aws:elasticloadbalancing:us-east-1:891003688925:listener-rule/app/tf-example-alb-ecs/050c0639a8dd7480/7a61fb043c2a8c9d/839168f350e80b95",
                            "listener_arn": "arn:aws:elasticloadbalancing:us-east-1:891003688925:listener/app/tf-example-alb-ecs/050c0639a8dd7480/7a61fb043c2a8c9d",
                            "priority": "100"
                        },
                        "meta": {},
                        "tainted": false
                    },
                    "deposed": [],
                    "provider": ""
                },
                "aws_alb_target_group.concourse-target-grp": {
                    "type": "aws_alb_target_group",
                    "depends_on": [],
                    "primary": {
                        "id": "arn:aws:elasticloadbalancing:us-east-1:891003688925:targetgroup/brownbag-target-grp/23874e829c25c9d7",
                        "attributes": {
                            "arn": "arn:aws:elasticloadbalancing:us-east-1:891003688925:targetgroup/brownbag-target-grp/23874e829c25c9d7",
                            "arn_suffix": "targetgroup/brownbag-target-grp/23874e829c25c9d7",
                            "deregistration_delay": "300",
                            "health_check.#": "1",
                            "health_check.0.healthy_threshold": "5",
                            "health_check.0.interval": "30",
                            "health_check.0.matcher": "200",
                            "health_check.0.path": "/",
                            "health_check.0.port": "traffic-port",
                            "health_check.0.protocol": "HTTP",
                            "health_check.0.timeout": "5",
                            "health_check.0.unhealthy_threshold": "2",
                            "id": "arn:aws:elasticloadbalancing:us-east-1:891003688925:targetgroup/brownbag-target-grp/23874e829c25c9d7",
                            "name": "brownbag-target-grp",
                            "port": "8080",
                            "protocol": "HTTP",
                            "stickiness.#": "1",
                            "stickiness.0.cookie_duration": "86400",
                            "stickiness.0.enabled": "false",
                            "stickiness.0.type": "lb_cookie",
                            "tags.%": "0",
                            "vpc_id": "vpc-a004eed9"
                        },
                        "meta": {},
                        "tainted": false
                    },
                    "deposed": [],
                    "provider": ""
                },
                "aws_alb_target_group.nginx-target-grp": {
                    "type": "aws_alb_target_group",
                    "depends_on": [],
                    "primary": {
                        "id": "arn:aws:elasticloadbalancing:us-east-1:891003688925:targetgroup/nginx-target-grp/24277ad753583c20",
                        "attributes": {
                            "arn": "arn:aws:elasticloadbalancing:us-east-1:891003688925:targetgroup/nginx-target-grp/24277ad753583c20",
                            "arn_suffix": "targetgroup/nginx-target-grp/24277ad753583c20",
                            "deregistration_delay": "300",
                            "health_check.#": "1",
                            "health_check.0.healthy_threshold": "5",
                            "health_check.0.interval": "30",
                            "health_check.0.matcher": "200",
                            "health_check.0.path": "/",
                            "health_check.0.port": "traffic-port",
                            "health_check.0.protocol": "HTTP",
                            "health_check.0.timeout": "5",
                            "health_check.0.unhealthy_threshold": "2",
                            "id": "arn:aws:elasticloadbalancing:us-east-1:891003688925:targetgroup/nginx-target-grp/24277ad753583c20",
                            "name": "nginx-target-grp",
                            "port": "80",
                            "protocol": "HTTP",
                            "stickiness.#": "1",
                            "stickiness.0.cookie_duration": "86400",
                            "stickiness.0.enabled": "false",
                            "stickiness.0.type": "lb_cookie",
                            "tags.%": "0",
                            "vpc_id": "vpc-a004eed9"
                        },
                        "meta": {},
                        "tainted": false
                    },
                    "deposed": [],
                    "provider": ""
                },
                "aws_security_group.alb": {
                    "type": "aws_security_group",
                    "depends_on": [],
                    "primary": {
                        "id": "sg-45f17f3b",
                        "attributes": {
                            "description": "Used in the terraform",
                            "egress.#": "1",
                            "egress.482069346.cidr_blocks.#": "1",
                            "egress.482069346.cidr_blocks.0": "0.0.0.0/0",
                            "egress.482069346.from_port": "0",
                            "egress.482069346.ipv6_cidr_blocks.#": "0",
                            "egress.482069346.prefix_list_ids.#": "0",
                            "egress.482069346.protocol": "-1",
                            "egress.482069346.security_groups.#": "0",
                            "egress.482069346.self": "false",
                            "egress.482069346.to_port": "0",
                            "id": "sg-45f17f3b",
                            "ingress.#": "2",
                            "ingress.2214680975.cidr_blocks.#": "1",
                            "ingress.2214680975.cidr_blocks.0": "0.0.0.0/0",
                            "ingress.2214680975.from_port": "80",
                            "ingress.2214680975.ipv6_cidr_blocks.#": "0",
                            "ingress.2214680975.protocol": "tcp",
                            "ingress.2214680975.security_groups.#": "0",
                            "ingress.2214680975.self": "false",
                            "ingress.2214680975.to_port": "80",
                            "ingress.516175195.cidr_blocks.#": "1",
                            "ingress.516175195.cidr_blocks.0": "0.0.0.0/0",
                            "ingress.516175195.from_port": "8080",
                            "ingress.516175195.ipv6_cidr_blocks.#": "0",
                            "ingress.516175195.protocol": "tcp",
                            "ingress.516175195.security_groups.#": "0",
                            "ingress.516175195.self": "false",
                            "ingress.516175195.to_port": "8080",
                            "name": "terraform_example_elb",
                            "owner_id": "891003688925",
                            "tags.%": "0",
                            "vpc_id": "vpc-a004eed9"
                        },
                        "meta": {},
                        "tainted": false
                    },
                    "deposed": [],
                    "provider": ""
                }
            },
            "depends_on": []
        },
        {
            "path": [
                "root",
                "concourse",
                "dns"
            ],
            "outputs": {},
            "resources": {
                "aws_route53_record.www": {
                    "type": "aws_route53_record",
                    "depends_on": [],
                    "primary": {
                        "id": "ZTK5H73BMWAZ0_joshhorecny.com_A",
                        "attributes": {
                            "alias.#": "1",
                            "alias.1605301529.evaluate_target_health": "true",
                            "alias.1605301529.name": "tf-example-alb-ecs-2067165467.us-east-1.elb.amazonaws.com",
                            "alias.1605301529.zone_id": "Z35SXDOTRQ7X7K",
                            "fqdn": "joshhorecny.com",
                            "health_check_id": "",
                            "id": "ZTK5H73BMWAZ0_joshhorecny.com_A",
                            "name": "joshhorecny.com",
                            "records.#": "0",
                            "set_identifier": "",
                            "ttl": "0",
                            "type": "A",
                            "zone_id": "ZTK5H73BMWAZ0"
                        },
                        "meta": {
                            "schema_version": "2"
                        },
                        "tainted": false
                    },
                    "deposed": [],
                    "provider": ""
                }
            },
            "depends_on": []
        },
        {
            "path": [
                "root",
                "concourse",
                "ec2_instance"
            ],
            "outputs": {},
            "resources": {
                "aws_security_group.brownbag_security": {
                    "type": "aws_security_group",
                    "depends_on": [],
                    "primary": {
                        "id": "sg-edf27c93",
                        "attributes": {
                            "description": "Enable SSH and 8080",
                            "egress.#": "1",
                            "egress.482069346.cidr_blocks.#": "1",
                            "egress.482069346.cidr_blocks.0": "0.0.0.0/0",
                            "egress.482069346.from_port": "0",
                            "egress.482069346.ipv6_cidr_blocks.#": "0",
                            "egress.482069346.prefix_list_ids.#": "0",
                            "egress.482069346.protocol": "-1",
                            "egress.482069346.security_groups.#": "0",
                            "egress.482069346.self": "false",
                            "egress.482069346.to_port": "0",
                            "id": "sg-edf27c93",
                            "ingress.#": "3",
                            "ingress.23166354.cidr_blocks.#": "0",
                            "ingress.23166354.from_port": "8080",
                            "ingress.23166354.ipv6_cidr_blocks.#": "0",
                            "ingress.23166354.protocol": "tcp",
                            "ingress.23166354.security_groups.#": "1",
                            "ingress.23166354.security_groups.2206418734": "sg-45f17f3b",
                            "ingress.23166354.self": "false",
                            "ingress.23166354.to_port": "8080",
                            "ingress.2541437006.cidr_blocks.#": "1",
                            "ingress.2541437006.cidr_blocks.0": "0.0.0.0/0",
                            "ingress.2541437006.from_port": "22",
                            "ingress.2541437006.ipv6_cidr_blocks.#": "0",
                            "ingress.2541437006.protocol": "tcp",
                            "ingress.2541437006.security_groups.#": "0",
                            "ingress.2541437006.self": "false",
                            "ingress.2541437006.to_port": "22",
                            "ingress.2687617599.cidr_blocks.#": "0",
                            "ingress.2687617599.from_port": "80",
                            "ingress.2687617599.ipv6_cidr_blocks.#": "0",
                            "ingress.2687617599.protocol": "tcp",
                            "ingress.2687617599.security_groups.#": "1",
                            "ingress.2687617599.security_groups.2206418734": "sg-45f17f3b",
                            "ingress.2687617599.self": "false",
                            "ingress.2687617599.to_port": "80",
                            "name": "brownbag_security",
                            "owner_id": "891003688925",
                            "tags.%": "0",
                            "vpc_id": "vpc-a004eed9"
                        },
                        "meta": {},
                        "tainted": false
                    },
                    "deposed": [],
                    "provider": ""
                }
            },
            "depends_on": []
        },
        {
            "path": [
                "root",
                "concourse",
                "vpc"
            ],
            "outputs": {
                "subnet_id": {
                    "sensitive": false,
                    "type": "string",
                    "value": "subnet-9fec2bb3"
                },
                "subnet_ids": {
                    "sensitive": false,
                    "type": "list",
                    "value": [
                        "subnet-9fec2bb3",
                        "subnet-cd883885"
                    ]
                },
                "vpc_id": {
                    "sensitive": false,
                    "type": "string",
                    "value": "vpc-a004eed9"
                }
            },
            "resources": {
                "aws_internet_gateway.brownbag_gateway": {
                    "type": "aws_internet_gateway",
                    "depends_on": [
                        "aws_vpc.brownbag_vpc"
                    ],
                    "primary": {
                        "id": "igw-212b8b47",
                        "attributes": {
                            "id": "igw-212b8b47",
                            "vpc_id": "vpc-a004eed9"
                        },
                        "meta": {},
                        "tainted": false
                    },
                    "deposed": [],
                    "provider": ""
                },
                "aws_route_table.r": {
                    "type": "aws_route_table",
                    "depends_on": [
                        "aws_internet_gateway.brownbag_gateway",
                        "aws_vpc.brownbag_vpc"
                    ],
                    "primary": {
                        "id": "rtb-afec26d7",
                        "attributes": {
                            "id": "rtb-afec26d7",
                            "propagating_vgws.#": "0",
                            "route.#": "1",
                            "route.2669591214.cidr_block": "0.0.0.0/0",
                            "route.2669591214.egress_only_gateway_id": "",
                            "route.2669591214.gateway_id": "igw-212b8b47",
                            "route.2669591214.instance_id": "",
                            "route.2669591214.ipv6_cidr_block": "",
                            "route.2669591214.nat_gateway_id": "",
                            "route.2669591214.network_interface_id": "",
                            "route.2669591214.vpc_peering_connection_id": "",
                            "tags.%": "0",
                            "vpc_id": "vpc-a004eed9"
                        },
                        "meta": {},
                        "tainted": false
                    },
                    "deposed": [],
                    "provider": ""
                },
                "aws_route_table_association.a.0": {
                    "type": "aws_route_table_association",
                    "depends_on": [
                        "aws_route_table.r",
                        "aws_subnet.brownbag_subnet.*"
                    ],
                    "primary": {
                        "id": "rtbassoc-934bf5e8",
                        "attributes": {
                            "id": "rtbassoc-934bf5e8",
                            "route_table_id": "rtb-afec26d7",
                            "subnet_id": "subnet-9fec2bb3"
                        },
                        "meta": {},
                        "tainted": false
                    },
                    "deposed": [],
                    "provider": ""
                },
                "aws_route_table_association.a.1": {
                    "type": "aws_route_table_association",
                    "depends_on": [
                        "aws_route_table.r",
                        "aws_subnet.brownbag_subnet.*"
                    ],
                    "primary": {
                        "id": "rtbassoc-4f46f834",
                        "attributes": {
                            "id": "rtbassoc-4f46f834",
                            "route_table_id": "rtb-afec26d7",
                            "subnet_id": "subnet-cd883885"
                        },
                        "meta": {},
                        "tainted": false
                    },
                    "deposed": [],
                    "provider": ""
                },
                "aws_subnet.brownbag_subnet.0": {
                    "type": "aws_subnet",
                    "depends_on": [
                        "aws_vpc.brownbag_vpc",
                        "data.aws_availability_zones.available"
                    ],
                    "primary": {
                        "id": "subnet-9fec2bb3",
                        "attributes": {
                            "assign_ipv6_address_on_creation": "false",
                            "availability_zone": "us-east-1a",
                            "cidr_block": "10.0.0.0/24",
                            "id": "subnet-9fec2bb3",
                            "map_public_ip_on_launch": "true",
                            "tags.%": "0",
                            "vpc_id": "vpc-a004eed9"
                        },
                        "meta": {
                            "schema_version": "1"
                        },
                        "tainted": false
                    },
                    "deposed": [],
                    "provider": ""
                },
                "aws_subnet.brownbag_subnet.1": {
                    "type": "aws_subnet",
                    "depends_on": [
                        "aws_vpc.brownbag_vpc",
                        "data.aws_availability_zones.available"
                    ],
                    "primary": {
                        "id": "subnet-cd883885",
                        "attributes": {
                            "assign_ipv6_address_on_creation": "false",
                            "availability_zone": "us-east-1b",
                            "cidr_block": "10.0.1.0/24",
                            "id": "subnet-cd883885",
                            "map_public_ip_on_launch": "true",
                            "tags.%": "0",
                            "vpc_id": "vpc-a004eed9"
                        },
                        "meta": {
                            "schema_version": "1"
                        },
                        "tainted": false
                    },
                    "deposed": [],
                    "provider": ""
                },
                "aws_vpc.brownbag_vpc": {
                    "type": "aws_vpc",
                    "depends_on": [],
                    "primary": {
                        "id": "vpc-a004eed9",
                        "attributes": {
                            "assign_generated_ipv6_cidr_block": "false",
                            "cidr_block": "10.0.0.0/16",
                            "default_network_acl_id": "acl-d90a83a0",
                            "default_route_table_id": "rtb-64ec261c",
                            "default_security_group_id": "sg-acf57bd2",
                            "dhcp_options_id": "dopt-ce5217ab",
                            "enable_classiclink": "false",
                            "enable_dns_hostnames": "false",
                            "enable_dns_support": "true",
                            "id": "vpc-a004eed9",
                            "instance_tenancy": "default",
                            "main_route_table_id": "rtb-64ec261c",
                            "tags.%": "0"
                        },
                        "meta": {
                            "schema_version": "1"
                        },
                        "tainted": false
                    },
                    "deposed": [],
                    "provider": ""
                },
                "data.aws_availability_zones.available": {
                    "type": "aws_availability_zones",
                    "depends_on": [],
                    "primary": {
                        "id": "2017-05-10 23:42:08.50597218 +0000 UTC",
                        "attributes": {
                            "id": "2017-05-10 23:42:08.50597218 +0000 UTC",
                            "names.#": "5",
                            "names.0": "us-east-1a",
                            "names.1": "us-east-1b",
                            "names.2": "us-east-1c",
                            "names.3": "us-east-1d",
                            "names.4": "us-east-1e"
                        },
                        "meta": {},
                        "tainted": false
                    },
                    "deposed": [],
                    "provider": ""
                }
            },
            "depends_on": []
        }
    ]
}
