{
    "version": 3,
    "terraform_version": "0.7.11",
    "serial": 55,
    "lineage": "8771c3d8-76f5-4bdc-98b7-dea52238c195",
    "modules": [
        {
            "path": [
                "root"
            ],
            "outputs": {},
            "resources": {
                "aws_alb.main": {
                    "type": "aws_alb",
                    "depends_on": [
                        "aws_security_group.alb",
                        "aws_subnet.brownbag_subnet"
                    ],
                    "primary": {
                        "id": "arn:aws:elasticloadbalancing:us-east-1:891003688925:loadbalancer/app/tf-example-alb-ecs/4ffe009afc179426",
                        "attributes": {
                            "access_logs.#": "0",
                            "arn": "arn:aws:elasticloadbalancing:us-east-1:891003688925:loadbalancer/app/tf-example-alb-ecs/4ffe009afc179426",
                            "arn_suffix": "app/tf-example-alb-ecs/4ffe009afc179426",
                            "dns_name": "tf-example-alb-ecs-63579881.us-east-1.elb.amazonaws.com",
                            "enable_deletion_protection": "false",
                            "id": "arn:aws:elasticloadbalancing:us-east-1:891003688925:loadbalancer/app/tf-example-alb-ecs/4ffe009afc179426",
                            "idle_timeout": "60",
                            "internal": "false",
                            "name": "tf-example-alb-ecs",
                            "security_groups.#": "1",
                            "security_groups.1824816867": "sg-19a9d264",
                            "subnets.#": "2",
                            "subnets.2771511168": "subnet-c4cdb18d",
                            "subnets.6205671": "subnet-5cc04c71",
                            "tags.%": "0",
                            "vpc_id": "vpc-2069ab46",
                            "zone_id": "Z35SXDOTRQ7X7K"
                        },
                        "meta": {},
                        "tainted": false
                    },
                    "deposed": [],
                    "provider": ""
                },
                "aws_alb_listener.front_end": {
                    "type": "aws_alb_listener",
                    "depends_on": [
                        "aws_alb.main",
                        "aws_alb_target_group.brownbag-target-grp"
                    ],
                    "primary": {
                        "id": "arn:aws:elasticloadbalancing:us-east-1:891003688925:listener/app/tf-example-alb-ecs/4ffe009afc179426/72b58f37a89a08a1",
                        "attributes": {
                            "arn": "arn:aws:elasticloadbalancing:us-east-1:891003688925:listener/app/tf-example-alb-ecs/4ffe009afc179426/72b58f37a89a08a1",
                            "default_action.#": "1",
                            "default_action.0.target_group_arn": "arn:aws:elasticloadbalancing:us-east-1:891003688925:targetgroup/brownbag-target-grp/ce6146a89fe24325",
                            "default_action.0.type": "forward",
                            "id": "arn:aws:elasticloadbalancing:us-east-1:891003688925:listener/app/tf-example-alb-ecs/4ffe009afc179426/72b58f37a89a08a1",
                            "load_balancer_arn": "arn:aws:elasticloadbalancing:us-east-1:891003688925:loadbalancer/app/tf-example-alb-ecs/4ffe009afc179426",
                            "port": "8080",
                            "protocol": "HTTP",
                            "ssl_policy": ""
                        },
                        "meta": {},
                        "tainted": false
                    },
                    "deposed": [],
                    "provider": ""
                },
                "aws_alb_listener.nginx": {
                    "type": "aws_alb_listener",
                    "depends_on": [
                        "aws_alb.main",
                        "aws_alb_target_group.nginx-target-grp"
                    ],
                    "primary": {
                        "id": "arn:aws:elasticloadbalancing:us-east-1:891003688925:listener/app/tf-example-alb-ecs/4ffe009afc179426/25619b4750156b60",
                        "attributes": {
                            "arn": "arn:aws:elasticloadbalancing:us-east-1:891003688925:listener/app/tf-example-alb-ecs/4ffe009afc179426/25619b4750156b60",
                            "default_action.#": "1",
                            "default_action.0.target_group_arn": "arn:aws:elasticloadbalancing:us-east-1:891003688925:targetgroup/nginx-target-grp/60bacd4e3f372dcd",
                            "default_action.0.type": "forward",
                            "id": "arn:aws:elasticloadbalancing:us-east-1:891003688925:listener/app/tf-example-alb-ecs/4ffe009afc179426/25619b4750156b60",
                            "load_balancer_arn": "arn:aws:elasticloadbalancing:us-east-1:891003688925:loadbalancer/app/tf-example-alb-ecs/4ffe009afc179426",
                            "port": "80",
                            "protocol": "HTTP",
                            "ssl_policy": ""
                        },
                        "meta": {},
                        "tainted": false
                    },
                    "deposed": [],
                    "provider": ""
                },
                "aws_alb_listener_rule.concourse": {
                    "type": "aws_alb_listener_rule",
                    "depends_on": [
                        "aws_alb_listener.front_end",
                        "aws_alb_target_group.brownbag-target-grp"
                    ],
                    "primary": {
                        "id": "arn:aws:elasticloadbalancing:us-east-1:891003688925:listener-rule/app/tf-example-alb-ecs/4ffe009afc179426/72b58f37a89a08a1/64e6a18f7c24ffae",
                        "attributes": {
                            "action.#": "1",
                            "action.0.target_group_arn": "arn:aws:elasticloadbalancing:us-east-1:891003688925:targetgroup/brownbag-target-grp/ce6146a89fe24325",
                            "action.0.type": "forward",
                            "arn": "arn:aws:elasticloadbalancing:us-east-1:891003688925:listener-rule/app/tf-example-alb-ecs/4ffe009afc179426/72b58f37a89a08a1/64e6a18f7c24ffae",
                            "condition.#": "1",
                            "condition.0.field": "path-pattern",
                            "condition.0.values.#": "1",
                            "condition.0.values.0": "/concourse/*",
                            "id": "arn:aws:elasticloadbalancing:us-east-1:891003688925:listener-rule/app/tf-example-alb-ecs/4ffe009afc179426/72b58f37a89a08a1/64e6a18f7c24ffae",
                            "listener_arn": "arn:aws:elasticloadbalancing:us-east-1:891003688925:listener/app/tf-example-alb-ecs/4ffe009afc179426/72b58f37a89a08a1",
                            "priority": "100"
                        },
                        "meta": {},
                        "tainted": false
                    },
                    "deposed": [],
                    "provider": ""
                },
                "aws_alb_target_group.brownbag-target-grp": {
                    "type": "aws_alb_target_group",
                    "depends_on": [
                        "aws_vpc.brownbag_vpc"
                    ],
                    "primary": {
                        "id": "arn:aws:elasticloadbalancing:us-east-1:891003688925:targetgroup/brownbag-target-grp/ce6146a89fe24325",
                        "attributes": {
                            "arn": "arn:aws:elasticloadbalancing:us-east-1:891003688925:targetgroup/brownbag-target-grp/ce6146a89fe24325",
                            "arn_suffix": "targetgroup/brownbag-target-grp/ce6146a89fe24325",
                            "deregistration_delay": "300",
                            "health_check.#": "1",
                            "health_check.0.healthy_threshold": "5",
                            "health_check.0.interval": "30",
                            "health_check.0.matcher": "200",
                            "health_check.0.path": "/",
                            "health_check.0.port": "traffic-port",
                            "health_check.0.protocol": "HTTP",
                            "health_check.0.timeout": "5",
                            "health_check.0.unhealthy_threshold": "2",
                            "id": "arn:aws:elasticloadbalancing:us-east-1:891003688925:targetgroup/brownbag-target-grp/ce6146a89fe24325",
                            "name": "brownbag-target-grp",
                            "port": "8080",
                            "protocol": "HTTP",
                            "vpc_id": "vpc-2069ab46"
                        },
                        "meta": {},
                        "tainted": false
                    },
                    "deposed": [],
                    "provider": ""
                },
                "aws_alb_target_group.nginx-target-grp": {
                    "type": "aws_alb_target_group",
                    "depends_on": [
                        "aws_vpc.brownbag_vpc"
                    ],
                    "primary": {
                        "id": "arn:aws:elasticloadbalancing:us-east-1:891003688925:targetgroup/nginx-target-grp/60bacd4e3f372dcd",
                        "attributes": {
                            "arn": "arn:aws:elasticloadbalancing:us-east-1:891003688925:targetgroup/nginx-target-grp/60bacd4e3f372dcd",
                            "arn_suffix": "targetgroup/nginx-target-grp/60bacd4e3f372dcd",
                            "deregistration_delay": "300",
                            "health_check.#": "1",
                            "health_check.0.healthy_threshold": "5",
                            "health_check.0.interval": "30",
                            "health_check.0.matcher": "200",
                            "health_check.0.path": "/",
                            "health_check.0.port": "traffic-port",
                            "health_check.0.protocol": "HTTP",
                            "health_check.0.timeout": "5",
                            "health_check.0.unhealthy_threshold": "2",
                            "id": "arn:aws:elasticloadbalancing:us-east-1:891003688925:targetgroup/nginx-target-grp/60bacd4e3f372dcd",
                            "name": "nginx-target-grp",
                            "port": "80",
                            "protocol": "HTTP",
                            "vpc_id": "vpc-2069ab46"
                        },
                        "meta": {},
                        "tainted": false
                    },
                    "deposed": [],
                    "provider": ""
                },
                "aws_alb_target_group_attachment.concourse": {
                    "type": "aws_alb_target_group_attachment",
                    "depends_on": [
                        "aws_alb_target_group.brownbag-target-grp",
                        "aws_instance.web"
                    ],
                    "primary": {
                        "id": "arn:aws:elasticloadbalancing:us-east-1:891003688925:targetgroup/brownbag-target-grp/ce6146a89fe24325-20161202191706775601029tt2",
                        "attributes": {
                            "id": "arn:aws:elasticloadbalancing:us-east-1:891003688925:targetgroup/brownbag-target-grp/ce6146a89fe24325-20161202191706775601029tt2",
                            "port": "8080",
                            "target_group_arn": "arn:aws:elasticloadbalancing:us-east-1:891003688925:targetgroup/brownbag-target-grp/ce6146a89fe24325",
                            "target_id": "i-21916a36"
                        },
                        "meta": {},
                        "tainted": false
                    },
                    "deposed": [],
                    "provider": ""
                },
                "aws_alb_target_group_attachment.nginx": {
                    "type": "aws_alb_target_group_attachment",
                    "depends_on": [
                        "aws_alb_target_group.nginx-target-grp",
                        "aws_instance.web"
                    ],
                    "primary": {
                        "id": "arn:aws:elasticloadbalancing:us-east-1:891003688925:targetgroup/nginx-target-grp/60bacd4e3f372dcd-20161202191706710395532aq7",
                        "attributes": {
                            "id": "arn:aws:elasticloadbalancing:us-east-1:891003688925:targetgroup/nginx-target-grp/60bacd4e3f372dcd-20161202191706710395532aq7",
                            "port": "80",
                            "target_group_arn": "arn:aws:elasticloadbalancing:us-east-1:891003688925:targetgroup/nginx-target-grp/60bacd4e3f372dcd",
                            "target_id": "i-21916a36"
                        },
                        "meta": {},
                        "tainted": false
                    },
                    "deposed": [],
                    "provider": ""
                },
                "aws_instance.web": {
                    "type": "aws_instance",
                    "depends_on": [
                        "aws_key_pair.auth",
                        "aws_security_group.brownbag_security",
                        "aws_subnet.brownbag_subnet"
                    ],
                    "primary": {
                        "id": "i-21916a36",
                        "attributes": {
                            "ami": "ami-46134b51",
                            "associate_public_ip_address": "true",
                            "availability_zone": "us-east-1a",
                            "disable_api_termination": "false",
                            "ebs_block_device.#": "1",
                            "ebs_block_device.504524833.delete_on_termination": "true",
                            "ebs_block_device.504524833.device_name": "/dev/xvdcz",
                            "ebs_block_device.504524833.encrypted": "false",
                            "ebs_block_device.504524833.iops": "100",
                            "ebs_block_device.504524833.snapshot_id": "",
                            "ebs_block_device.504524833.volume_size": "22",
                            "ebs_block_device.504524833.volume_type": "gp2",
                            "ebs_optimized": "false",
                            "ephemeral_block_device.#": "0",
                            "iam_instance_profile": "",
                            "id": "i-21916a36",
                            "instance_state": "running",
                            "instance_type": "t2.micro",
                            "key_name": "terraform",
                            "monitoring": "false",
                            "network_interface_id": "eni-0d55d1f3",
                            "private_dns": "ip-10-0-0-98.ec2.internal",
                            "private_ip": "10.0.0.98",
                            "public_dns": "",
                            "public_ip": "54.144.186.96",
                            "root_block_device.#": "1",
                            "root_block_device.0.delete_on_termination": "true",
                            "root_block_device.0.iops": "100",
                            "root_block_device.0.volume_size": "8",
                            "root_block_device.0.volume_type": "gp2",
                            "security_groups.#": "0",
                            "source_dest_check": "true",
                            "subnet_id": "subnet-5cc04c71",
                            "tags.%": "1",
                            "tags.Name": "Concourse CI",
                            "tenancy": "default",
                            "vpc_security_group_ids.#": "1",
                            "vpc_security_group_ids.2731694268": "sg-15a9d268"
                        },
                        "meta": {
                            "schema_version": "1"
                        },
                        "tainted": false
                    },
                    "deposed": [],
                    "provider": ""
                },
                "aws_internet_gateway.brownbag_gateway": {
                    "type": "aws_internet_gateway",
                    "depends_on": [
                        "aws_vpc.brownbag_vpc"
                    ],
                    "primary": {
                        "id": "igw-3841c95f",
                        "attributes": {
                            "id": "igw-3841c95f",
                            "vpc_id": "vpc-2069ab46"
                        },
                        "meta": {},
                        "tainted": false
                    },
                    "deposed": [],
                    "provider": ""
                },
                "aws_key_pair.auth": {
                    "type": "aws_key_pair",
                    "depends_on": [],
                    "primary": {
                        "id": "terraform",
                        "attributes": {
                            "id": "terraform",
                            "key_name": "terraform",
                            "public_key": "ssh-rsa AAAAB3NzaC1yc2EAAAADAQABAAABAQC9L+iLd8Z9FiT8JUDbSGNvm+U4DkeaXUJ772WfN1NicErBIswGUslNKPJz0w3lvZK0PlNHAj01jZP+A1t2voqQTzBGiYEr0QSegZXHbjVHPDQIeHXUSfL+Lr4AQx2DlrUSsoS00AZGDnZh9GcHbSNfhP17lqdyI9n17lwwe5h/ro5xRD2XElyuTVSEzdA4J0BA6G79XlKgZ2QKZtNZ46b6i9fxgIL8MsmBfPEDgJ3y21cmMA4Cv9rQcILHIScylaJf1XmO+ZlNj7ywTgRznvCBaXuBHTDnqnvNxjtURrUtlX5O+mTuC9KdvA8Bfu3+OFSv/rR2nRBz+E9UdfVFV37N josh.horecny@23397-mbpr.local"
                        },
                        "meta": {
                            "schema_version": "1"
                        },
                        "tainted": false
                    },
                    "deposed": [],
                    "provider": ""
                },
                "aws_route53_record.www": {
                    "type": "aws_route53_record",
                    "depends_on": [
                        "aws_alb.main",
                        "aws_alb.main"
                    ],
                    "primary": {
                        "id": "ZTK5H73BMWAZ0_joshhorecny.com_A",
                        "attributes": {
                            "alias.#": "1",
                            "alias.3962409631.evaluate_target_health": "true",
                            "alias.3962409631.name": "tf-example-alb-ecs-63579881.us-east-1.elb.amazonaws.com",
                            "alias.3962409631.zone_id": "Z35SXDOTRQ7X7K",
                            "fqdn": "joshhorecny.com",
                            "health_check_id": "",
                            "id": "ZTK5H73BMWAZ0_joshhorecny.com_A",
                            "name": "joshhorecny.com",
                            "records.#": "0",
                            "set_identifier": "",
                            "ttl": "0",
                            "type": "A",
                            "zone_id": "ZTK5H73BMWAZ0"
                        },
                        "meta": {
                            "schema_version": "2"
                        },
                        "tainted": false
                    },
                    "deposed": [],
                    "provider": ""
                },
                "aws_route_table.r": {
                    "type": "aws_route_table",
                    "depends_on": [
                        "aws_internet_gateway.brownbag_gateway",
                        "aws_vpc.brownbag_vpc"
                    ],
                    "primary": {
                        "id": "rtb-dab18dbc",
                        "attributes": {
                            "id": "rtb-dab18dbc",
                            "propagating_vgws.#": "0",
                            "route.#": "1",
                            "route.1795942647.cidr_block": "0.0.0.0/0",
                            "route.1795942647.gateway_id": "igw-3841c95f",
                            "route.1795942647.instance_id": "",
                            "route.1795942647.nat_gateway_id": "",
                            "route.1795942647.network_interface_id": "",
                            "route.1795942647.vpc_peering_connection_id": "",
                            "tags.%": "0",
                            "vpc_id": "vpc-2069ab46"
                        },
                        "meta": {},
                        "tainted": false
                    },
                    "deposed": [],
                    "provider": ""
                },
                "aws_route_table_association.a.0": {
                    "type": "aws_route_table_association",
                    "depends_on": [
                        "aws_route_table.r",
                        "aws_subnet.brownbag_subnet"
                    ],
                    "primary": {
                        "id": "rtbassoc-59737120",
                        "attributes": {
                            "id": "rtbassoc-59737120",
                            "route_table_id": "rtb-dab18dbc",
                            "subnet_id": "subnet-5cc04c71"
                        },
                        "meta": {},
                        "tainted": false
                    },
                    "deposed": [],
                    "provider": ""
                },
                "aws_route_table_association.a.1": {
                    "type": "aws_route_table_association",
                    "depends_on": [
                        "aws_route_table.r",
                        "aws_subnet.brownbag_subnet"
                    ],
                    "primary": {
                        "id": "rtbassoc-6673711f",
                        "attributes": {
                            "id": "rtbassoc-6673711f",
                            "route_table_id": "rtb-dab18dbc",
                            "subnet_id": "subnet-c4cdb18d"
                        },
                        "meta": {},
                        "tainted": false
                    },
                    "deposed": [],
                    "provider": ""
                },
                "aws_s3_bucket.b": {
                    "type": "aws_s3_bucket",
                    "depends_on": [],
                    "primary": {
                        "id": "brownbag-bucket",
                        "attributes": {
                            "acceleration_status": "",
                            "acl": "public-read",
                            "arn": "arn:aws:s3:::brownbag-bucket",
                            "bucket": "brownbag-bucket",
                            "force_destroy": "false",
                            "hosted_zone_id": "Z3AQBSTGFYJSTF",
                            "id": "brownbag-bucket",
                            "region": "us-east-1",
                            "request_payer": "BucketOwner",
                            "tags.%": "2",
                            "tags.Environment": "Demo",
                            "tags.Name": "Brownbag",
                            "website.#": "0"
                        },
                        "meta": {},
                        "tainted": false
                    },
                    "deposed": [],
                    "provider": ""
                },
                "aws_security_group.alb": {
                    "type": "aws_security_group",
                    "depends_on": [
                        "aws_vpc.brownbag_vpc"
                    ],
                    "primary": {
                        "id": "sg-19a9d264",
                        "attributes": {
                            "description": "Used in the terraform",
                            "egress.#": "1",
                            "egress.482069346.cidr_blocks.#": "1",
                            "egress.482069346.cidr_blocks.0": "0.0.0.0/0",
                            "egress.482069346.from_port": "0",
                            "egress.482069346.prefix_list_ids.#": "0",
                            "egress.482069346.protocol": "-1",
                            "egress.482069346.security_groups.#": "0",
                            "egress.482069346.self": "false",
                            "egress.482069346.to_port": "0",
                            "id": "sg-19a9d264",
                            "ingress.#": "2",
                            "ingress.2214680975.cidr_blocks.#": "1",
                            "ingress.2214680975.cidr_blocks.0": "0.0.0.0/0",
                            "ingress.2214680975.from_port": "80",
                            "ingress.2214680975.protocol": "tcp",
                            "ingress.2214680975.security_groups.#": "0",
                            "ingress.2214680975.self": "false",
                            "ingress.2214680975.to_port": "80",
                            "ingress.516175195.cidr_blocks.#": "1",
                            "ingress.516175195.cidr_blocks.0": "0.0.0.0/0",
                            "ingress.516175195.from_port": "8080",
                            "ingress.516175195.protocol": "tcp",
                            "ingress.516175195.security_groups.#": "0",
                            "ingress.516175195.self": "false",
                            "ingress.516175195.to_port": "8080",
                            "name": "terraform_example_elb",
                            "owner_id": "891003688925",
                            "tags.%": "0",
                            "vpc_id": "vpc-2069ab46"
                        },
                        "meta": {},
                        "tainted": false
                    },
                    "deposed": [],
                    "provider": ""
                },
                "aws_security_group.brownbag_security": {
                    "type": "aws_security_group",
                    "depends_on": [
                        "aws_security_group.alb",
                        "aws_vpc.brownbag_vpc"
                    ],
                    "primary": {
                        "id": "sg-15a9d268",
                        "attributes": {
                            "description": "Enable SSH and 8080",
                            "egress.#": "1",
                            "egress.482069346.cidr_blocks.#": "1",
                            "egress.482069346.cidr_blocks.0": "0.0.0.0/0",
                            "egress.482069346.from_port": "0",
                            "egress.482069346.prefix_list_ids.#": "0",
                            "egress.482069346.protocol": "-1",
                            "egress.482069346.security_groups.#": "0",
                            "egress.482069346.self": "false",
                            "egress.482069346.to_port": "0",
                            "id": "sg-15a9d268",
                            "ingress.#": "3",
                            "ingress.1158361867.cidr_blocks.#": "0",
                            "ingress.1158361867.from_port": "80",
                            "ingress.1158361867.protocol": "tcp",
                            "ingress.1158361867.security_groups.#": "1",
                            "ingress.1158361867.security_groups.1824816867": "sg-19a9d264",
                            "ingress.1158361867.self": "false",
                            "ingress.1158361867.to_port": "80",
                            "ingress.2541437006.cidr_blocks.#": "1",
                            "ingress.2541437006.cidr_blocks.0": "0.0.0.0/0",
                            "ingress.2541437006.from_port": "22",
                            "ingress.2541437006.protocol": "tcp",
                            "ingress.2541437006.security_groups.#": "0",
                            "ingress.2541437006.self": "false",
                            "ingress.2541437006.to_port": "22",
                            "ingress.3831202982.cidr_blocks.#": "0",
                            "ingress.3831202982.from_port": "8080",
                            "ingress.3831202982.protocol": "tcp",
                            "ingress.3831202982.security_groups.#": "1",
                            "ingress.3831202982.security_groups.1824816867": "sg-19a9d264",
                            "ingress.3831202982.self": "false",
                            "ingress.3831202982.to_port": "8080",
                            "name": "brownbag_security",
                            "owner_id": "891003688925",
                            "tags.%": "0",
                            "vpc_id": "vpc-2069ab46"
                        },
                        "meta": {},
                        "tainted": false
                    },
                    "deposed": [],
                    "provider": ""
                },
                "aws_subnet.brownbag_subnet.0": {
                    "type": "aws_subnet",
                    "depends_on": [
                        "aws_vpc.brownbag_vpc",
                        "aws_vpc.brownbag_vpc",
                        "data.aws_availability_zones.available"
                    ],
                    "primary": {
                        "id": "subnet-5cc04c71",
                        "attributes": {
                            "availability_zone": "us-east-1a",
                            "cidr_block": "10.0.0.0/24",
                            "id": "subnet-5cc04c71",
                            "map_public_ip_on_launch": "true",
                            "tags.%": "0",
                            "vpc_id": "vpc-2069ab46"
                        },
                        "meta": {},
                        "tainted": false
                    },
                    "deposed": [],
                    "provider": ""
                },
                "aws_subnet.brownbag_subnet.1": {
                    "type": "aws_subnet",
                    "depends_on": [
                        "aws_vpc.brownbag_vpc",
                        "aws_vpc.brownbag_vpc",
                        "data.aws_availability_zones.available"
                    ],
                    "primary": {
                        "id": "subnet-c4cdb18d",
                        "attributes": {
                            "availability_zone": "us-east-1b",
                            "cidr_block": "10.0.1.0/24",
                            "id": "subnet-c4cdb18d",
                            "map_public_ip_on_launch": "true",
                            "tags.%": "0",
                            "vpc_id": "vpc-2069ab46"
                        },
                        "meta": {},
                        "tainted": false
                    },
                    "deposed": [],
                    "provider": ""
                },
                "aws_vpc.brownbag_vpc": {
                    "type": "aws_vpc",
                    "depends_on": [],
                    "primary": {
                        "id": "vpc-2069ab46",
                        "attributes": {
                            "cidr_block": "10.0.0.0/16",
                            "default_network_acl_id": "acl-436de225",
                            "default_route_table_id": "rtb-d5b18db3",
                            "default_security_group_id": "sg-27a9d25a",
                            "dhcp_options_id": "dopt-ce5217ab",
                            "enable_classiclink": "false",
                            "enable_dns_hostnames": "false",
                            "enable_dns_support": "true",
                            "id": "vpc-2069ab46",
                            "instance_tenancy": "default",
                            "main_route_table_id": "rtb-d5b18db3",
                            "tags.%": "0"
                        },
                        "meta": {},
                        "tainted": false
                    },
                    "deposed": [],
                    "provider": ""
                },
                "data.aws_availability_zones.available": {
                    "type": "aws_availability_zones",
                    "depends_on": [],
                    "primary": {
                        "id": "2016-12-02 19:14:22.523826755 +0000 UTC",
                        "attributes": {
                            "id": "2016-12-02 19:14:22.523826755 +0000 UTC",
                            "names.#": "4",
                            "names.0": "us-east-1a",
                            "names.1": "us-east-1b",
                            "names.2": "us-east-1c",
                            "names.3": "us-east-1e"
                        },
                        "meta": {},
                        "tainted": false
                    },
                    "deposed": [],
                    "provider": ""
                }
            },
            "depends_on": []
        }
    ]
}
