{
    "version": 3,
    "terraform_version": "0.9.4",
    "serial": 59,
    "lineage": "8771c3d8-76f5-4bdc-98b7-dea52238c195",
    "modules": [
        {
            "path": [
                "root"
            ],
            "outputs": {},
            "resources": {},
            "depends_on": []
        },
        {
            "path": [
                "root",
                "concourse",
                "alb"
            ],
            "outputs": {
                "alb_id": {
                    "sensitive": false,
                    "type": "string",
                    "value": "sg-a5f423db"
                },
                "concourse_target_arn": {
                    "sensitive": false,
                    "type": "string",
                    "value": "arn:aws:elasticloadbalancing:us-east-1:891003688925:targetgroup/brownbag-target-grp/2adf95904442a38c"
                },
                "nginx_target_arn": {
                    "sensitive": false,
                    "type": "string",
                    "value": "arn:aws:elasticloadbalancing:us-east-1:891003688925:targetgroup/nginx-target-grp/d86919cd7f539ab0"
                }
            },
            "resources": {
                "aws_alb_target_group.concourse-target-grp": {
                    "type": "aws_alb_target_group",
                    "depends_on": [],
                    "primary": {
                        "id": "arn:aws:elasticloadbalancing:us-east-1:891003688925:targetgroup/brownbag-target-grp/2adf95904442a38c",
                        "attributes": {
                            "arn": "arn:aws:elasticloadbalancing:us-east-1:891003688925:targetgroup/brownbag-target-grp/2adf95904442a38c",
                            "arn_suffix": "targetgroup/brownbag-target-grp/2adf95904442a38c",
                            "deregistration_delay": "300",
                            "health_check.#": "1",
                            "health_check.0.healthy_threshold": "5",
                            "health_check.0.interval": "30",
                            "health_check.0.matcher": "200",
                            "health_check.0.path": "/",
                            "health_check.0.port": "traffic-port",
                            "health_check.0.protocol": "HTTP",
                            "health_check.0.timeout": "5",
                            "health_check.0.unhealthy_threshold": "2",
                            "id": "arn:aws:elasticloadbalancing:us-east-1:891003688925:targetgroup/brownbag-target-grp/2adf95904442a38c",
                            "name": "brownbag-target-grp",
                            "port": "8080",
                            "protocol": "HTTP",
                            "stickiness.#": "1",
                            "stickiness.0.cookie_duration": "86400",
                            "stickiness.0.enabled": "false",
                            "stickiness.0.type": "lb_cookie",
                            "tags.%": "0",
                            "vpc_id": "vpc-b96c8dc0"
                        },
                        "meta": {},
                        "tainted": false
                    },
                    "deposed": [],
                    "provider": ""
                },
                "aws_alb_target_group.nginx-target-grp": {
                    "type": "aws_alb_target_group",
                    "depends_on": [],
                    "primary": {
                        "id": "arn:aws:elasticloadbalancing:us-east-1:891003688925:targetgroup/nginx-target-grp/d86919cd7f539ab0",
                        "attributes": {
                            "arn": "arn:aws:elasticloadbalancing:us-east-1:891003688925:targetgroup/nginx-target-grp/d86919cd7f539ab0",
                            "arn_suffix": "targetgroup/nginx-target-grp/d86919cd7f539ab0",
                            "deregistration_delay": "300",
                            "health_check.#": "1",
                            "health_check.0.healthy_threshold": "5",
                            "health_check.0.interval": "30",
                            "health_check.0.matcher": "200",
                            "health_check.0.path": "/",
                            "health_check.0.port": "traffic-port",
                            "health_check.0.protocol": "HTTP",
                            "health_check.0.timeout": "5",
                            "health_check.0.unhealthy_threshold": "2",
                            "id": "arn:aws:elasticloadbalancing:us-east-1:891003688925:targetgroup/nginx-target-grp/d86919cd7f539ab0",
                            "name": "nginx-target-grp",
                            "port": "80",
                            "protocol": "HTTP",
                            "stickiness.#": "1",
                            "stickiness.0.cookie_duration": "86400",
                            "stickiness.0.enabled": "false",
                            "stickiness.0.type": "lb_cookie",
                            "tags.%": "0",
                            "vpc_id": "vpc-b96c8dc0"
                        },
                        "meta": {},
                        "tainted": false
                    },
                    "deposed": [],
                    "provider": ""
                },
                "aws_security_group.alb": {
                    "type": "aws_security_group",
                    "depends_on": [],
                    "primary": {
                        "id": "sg-a5f423db",
                        "attributes": {
                            "description": "Used in the terraform",
                            "egress.#": "1",
                            "egress.482069346.cidr_blocks.#": "1",
                            "egress.482069346.cidr_blocks.0": "0.0.0.0/0",
                            "egress.482069346.from_port": "0",
                            "egress.482069346.ipv6_cidr_blocks.#": "0",
                            "egress.482069346.prefix_list_ids.#": "0",
                            "egress.482069346.protocol": "-1",
                            "egress.482069346.security_groups.#": "0",
                            "egress.482069346.self": "false",
                            "egress.482069346.to_port": "0",
                            "id": "sg-a5f423db",
                            "ingress.#": "2",
                            "ingress.2214680975.cidr_blocks.#": "1",
                            "ingress.2214680975.cidr_blocks.0": "0.0.0.0/0",
                            "ingress.2214680975.from_port": "80",
                            "ingress.2214680975.ipv6_cidr_blocks.#": "0",
                            "ingress.2214680975.protocol": "tcp",
                            "ingress.2214680975.security_groups.#": "0",
                            "ingress.2214680975.self": "false",
                            "ingress.2214680975.to_port": "80",
                            "ingress.516175195.cidr_blocks.#": "1",
                            "ingress.516175195.cidr_blocks.0": "0.0.0.0/0",
                            "ingress.516175195.from_port": "8080",
                            "ingress.516175195.ipv6_cidr_blocks.#": "0",
                            "ingress.516175195.protocol": "tcp",
                            "ingress.516175195.security_groups.#": "0",
                            "ingress.516175195.self": "false",
                            "ingress.516175195.to_port": "8080",
                            "name": "terraform_example_elb",
                            "owner_id": "891003688925",
                            "tags.%": "0",
                            "vpc_id": "vpc-b96c8dc0"
                        },
                        "meta": {},
                        "tainted": false
                    },
                    "deposed": [],
                    "provider": ""
                }
            },
            "depends_on": []
        },
        {
            "path": [
                "root",
                "concourse",
                "ec2_instance"
            ],
            "outputs": {},
            "resources": {
                "aws_security_group.brownbag_security": {
                    "type": "aws_security_group",
                    "depends_on": [],
                    "primary": {
                        "id": "sg-c8f621b6",
                        "attributes": {
                            "description": "Enable SSH and 8080",
                            "egress.#": "1",
                            "egress.482069346.cidr_blocks.#": "1",
                            "egress.482069346.cidr_blocks.0": "0.0.0.0/0",
                            "egress.482069346.from_port": "0",
                            "egress.482069346.ipv6_cidr_blocks.#": "0",
                            "egress.482069346.prefix_list_ids.#": "0",
                            "egress.482069346.protocol": "-1",
                            "egress.482069346.security_groups.#": "0",
                            "egress.482069346.self": "false",
                            "egress.482069346.to_port": "0",
                            "id": "sg-c8f621b6",
                            "ingress.#": "3",
                            "ingress.2516129632.cidr_blocks.#": "0",
                            "ingress.2516129632.from_port": "80",
                            "ingress.2516129632.ipv6_cidr_blocks.#": "0",
                            "ingress.2516129632.protocol": "tcp",
                            "ingress.2516129632.security_groups.#": "1",
                            "ingress.2516129632.security_groups.4277592582": "sg-a5f423db",
                            "ingress.2516129632.self": "false",
                            "ingress.2516129632.to_port": "80",
                            "ingress.2541437006.cidr_blocks.#": "1",
                            "ingress.2541437006.cidr_blocks.0": "0.0.0.0/0",
                            "ingress.2541437006.from_port": "22",
                            "ingress.2541437006.ipv6_cidr_blocks.#": "0",
                            "ingress.2541437006.protocol": "tcp",
                            "ingress.2541437006.security_groups.#": "0",
                            "ingress.2541437006.self": "false",
                            "ingress.2541437006.to_port": "22",
                            "ingress.883531981.cidr_blocks.#": "0",
                            "ingress.883531981.from_port": "8080",
                            "ingress.883531981.ipv6_cidr_blocks.#": "0",
                            "ingress.883531981.protocol": "tcp",
                            "ingress.883531981.security_groups.#": "1",
                            "ingress.883531981.security_groups.4277592582": "sg-a5f423db",
                            "ingress.883531981.self": "false",
                            "ingress.883531981.to_port": "8080",
                            "name": "brownbag_security",
                            "owner_id": "891003688925",
                            "tags.%": "0",
                            "vpc_id": "vpc-b96c8dc0"
                        },
                        "meta": {},
                        "tainted": false
                    },
                    "deposed": [],
                    "provider": ""
                }
            },
            "depends_on": []
        },
        {
            "path": [
                "root",
                "concourse",
                "vpc"
            ],
            "outputs": {
                "subnet_id": {
                    "sensitive": false,
                    "type": "string",
                    "value": "subnet-9eba45b2"
                },
                "vpc_id": {
                    "sensitive": false,
                    "type": "string",
                    "value": "vpc-b96c8dc0"
                }
            },
            "resources": {
                "aws_internet_gateway.brownbag_gateway": {
                    "type": "aws_internet_gateway",
                    "depends_on": [
                        "aws_vpc.brownbag_vpc"
                    ],
                    "primary": {
                        "id": "igw-83f729e5",
                        "attributes": {
                            "id": "igw-83f729e5",
                            "tags.%": "0",
                            "vpc_id": "vpc-b96c8dc0"
                        },
                        "meta": {},
                        "tainted": false
                    },
                    "deposed": [],
                    "provider": ""
                },
                "aws_route_table.r": {
                    "type": "aws_route_table",
                    "depends_on": [
                        "aws_internet_gateway.brownbag_gateway",
                        "aws_vpc.brownbag_vpc"
                    ],
                    "primary": {
                        "id": "rtb-6838d510",
                        "attributes": {
                            "id": "rtb-6838d510",
                            "propagating_vgws.#": "0",
                            "route.#": "1",
                            "route.4074203256.cidr_block": "0.0.0.0/0",
                            "route.4074203256.egress_only_gateway_id": "",
                            "route.4074203256.gateway_id": "igw-83f729e5",
                            "route.4074203256.instance_id": "",
                            "route.4074203256.ipv6_cidr_block": "",
                            "route.4074203256.nat_gateway_id": "",
                            "route.4074203256.network_interface_id": "",
                            "route.4074203256.vpc_peering_connection_id": "",
                            "tags.%": "0",
                            "vpc_id": "vpc-b96c8dc0"
                        },
                        "meta": {},
                        "tainted": false
                    },
                    "deposed": [],
                    "provider": ""
                },
                "aws_route_table_association.a.0": {
                    "type": "aws_route_table_association",
                    "depends_on": [
                        "aws_route_table.r",
                        "aws_subnet.brownbag_subnet.*"
                    ],
                    "primary": {
                        "id": "rtbassoc-9c218fe7",
                        "attributes": {
                            "id": "rtbassoc-9c218fe7",
                            "route_table_id": "rtb-6838d510",
                            "subnet_id": "subnet-9eba45b2"
                        },
                        "meta": {},
                        "tainted": false
                    },
                    "deposed": [],
                    "provider": ""
                },
                "aws_route_table_association.a.1": {
                    "type": "aws_route_table_association",
                    "depends_on": [
                        "aws_route_table.r",
                        "aws_subnet.brownbag_subnet.*"
                    ],
                    "primary": {
                        "id": "rtbassoc-9d218fe6",
                        "attributes": {
                            "id": "rtbassoc-9d218fe6",
                            "route_table_id": "rtb-6838d510",
                            "subnet_id": "subnet-7862cb30"
                        },
                        "meta": {},
                        "tainted": false
                    },
                    "deposed": [],
                    "provider": ""
                },
                "aws_subnet.brownbag_subnet.0": {
                    "type": "aws_subnet",
                    "depends_on": [
                        "aws_vpc.brownbag_vpc",
                        "data.aws_availability_zones.available"
                    ],
                    "primary": {
                        "id": "subnet-9eba45b2",
                        "attributes": {
                            "assign_ipv6_address_on_creation": "false",
                            "availability_zone": "us-east-1a",
                            "cidr_block": "10.0.0.0/24",
                            "id": "subnet-9eba45b2",
                            "map_public_ip_on_launch": "true",
                            "tags.%": "0",
                            "vpc_id": "vpc-b96c8dc0"
                        },
                        "meta": {
                            "schema_version": "1"
                        },
                        "tainted": false
                    },
                    "deposed": [],
                    "provider": ""
                },
                "aws_subnet.brownbag_subnet.1": {
                    "type": "aws_subnet",
                    "depends_on": [
                        "aws_vpc.brownbag_vpc",
                        "data.aws_availability_zones.available"
                    ],
                    "primary": {
                        "id": "subnet-7862cb30",
                        "attributes": {
                            "assign_ipv6_address_on_creation": "false",
                            "availability_zone": "us-east-1b",
                            "cidr_block": "10.0.1.0/24",
                            "id": "subnet-7862cb30",
                            "map_public_ip_on_launch": "true",
                            "tags.%": "0",
                            "vpc_id": "vpc-b96c8dc0"
                        },
                        "meta": {
                            "schema_version": "1"
                        },
                        "tainted": false
                    },
                    "deposed": [],
                    "provider": ""
                },
                "aws_vpc.brownbag_vpc": {
                    "type": "aws_vpc",
                    "depends_on": [],
                    "primary": {
                        "id": "vpc-b96c8dc0",
                        "attributes": {
                            "assign_generated_ipv6_cidr_block": "false",
                            "cidr_block": "10.0.0.0/16",
                            "default_network_acl_id": "acl-0b4bce72",
                            "default_route_table_id": "rtb-b535d8cd",
                            "default_security_group_id": "sg-30f2254e",
                            "dhcp_options_id": "dopt-ce5217ab",
                            "enable_classiclink": "false",
                            "enable_dns_hostnames": "false",
                            "enable_dns_support": "true",
                            "id": "vpc-b96c8dc0",
                            "instance_tenancy": "default",
                            "main_route_table_id": "rtb-b535d8cd",
                            "tags.%": "0"
                        },
                        "meta": {
                            "schema_version": "1"
                        },
                        "tainted": false
                    },
                    "deposed": [],
                    "provider": ""
                },
                "data.aws_availability_zones.available": {
                    "type": "aws_availability_zones",
                    "depends_on": [],
                    "primary": {
                        "id": "2017-05-08 03:22:59.706236653 +0000 UTC",
                        "attributes": {
                            "id": "2017-05-08 03:22:59.706236653 +0000 UTC",
                            "names.#": "5",
                            "names.0": "us-east-1a",
                            "names.1": "us-east-1b",
                            "names.2": "us-east-1c",
                            "names.3": "us-east-1d",
                            "names.4": "us-east-1e"
                        },
                        "meta": {},
                        "tainted": false
                    },
                    "deposed": [],
                    "provider": ""
                }
            },
            "depends_on": []
        }
    ]
}
